// !$*UTF8*$!
{
	archiveVersion = 1;
	classes = {
	};
	objectVersion = 56;
	objects = {

/* Begin PBXBuildFile section */
		BB0EFFD82A9A6CE4009BA8B9 /* AdvertisementViewDelegate.swift in Sources */ = {isa = PBXBuildFile; fileRef = BB0EFFD72A9A6CE4009BA8B9 /* AdvertisementViewDelegate.swift */; };
		BB0EFFDA2A9A79D0009BA8B9 /* HTTPURLResponse + Extensions.swift in Sources */ = {isa = PBXBuildFile; fileRef = BB0EFFD92A9A79D0009BA8B9 /* HTTPURLResponse + Extensions.swift */; };
		BB0EFFDD2A9A8FDC009BA8B9 /* ResponseModel.swift in Sources */ = {isa = PBXBuildFile; fileRef = BB0EFFDC2A9A8FDC009BA8B9 /* ResponseModel.swift */; };
		BB0EFFE02A9A90E2009BA8B9 /* APIErrorAdvertisement.swift in Sources */ = {isa = PBXBuildFile; fileRef = BB0EFFDF2A9A90E2009BA8B9 /* APIErrorAdvertisement.swift */; };
		BB0EFFE22A9A94E0009BA8B9 /* EndpointImage.swift in Sources */ = {isa = PBXBuildFile; fileRef = BB0EFFE12A9A94E0009BA8B9 /* EndpointImage.swift */; };
		BB0EFFEE2A9AA6D6009BA8B9 /* Avito_Tech_Assignment_Tests.swift in Sources */ = {isa = PBXBuildFile; fileRef = BB0EFFED2A9AA6D6009BA8B9 /* Avito_Tech_Assignment_Tests.swift */; };
		BB0EFFF72A9AA710009BA8B9 /* NetworkServiceTest.swift in Sources */ = {isa = PBXBuildFile; fileRef = BB0EFFF62A9AA710009BA8B9 /* NetworkServiceTest.swift */; };
		BB0EFFFA2A9AA95A009BA8B9 /* ImageServiceTest.swift in Sources */ = {isa = PBXBuildFile; fileRef = BB0EFFF92A9AA95A009BA8B9 /* ImageServiceTest.swift */; };
		BB0EFFFD2A9AAE14009BA8B9 /* URLSessionMock.swift in Sources */ = {isa = PBXBuildFile; fileRef = BB0EFFFC2A9AAE14009BA8B9 /* URLSessionMock.swift */; };
		BB1033FF2A97791A0077F568 /* AppDelegate.swift in Sources */ = {isa = PBXBuildFile; fileRef = BB1033FE2A97791A0077F568 /* AppDelegate.swift */; };
		BB1034012A97791A0077F568 /* SceneDelegate.swift in Sources */ = {isa = PBXBuildFile; fileRef = BB1034002A97791A0077F568 /* SceneDelegate.swift */; };
		BB1034032A97791A0077F568 /* AdvertisementsViewController.swift in Sources */ = {isa = PBXBuildFile; fileRef = BB1034022A97791A0077F568 /* AdvertisementsViewController.swift */; };
		BB1034082A97791A0077F568 /* Assets.xcassets in Resources */ = {isa = PBXBuildFile; fileRef = BB1034072A97791A0077F568 /* Assets.xcassets */; };
		BB10340B2A97791A0077F568 /* LaunchScreen.storyboard in Resources */ = {isa = PBXBuildFile; fileRef = BB1034092A97791A0077F568 /* LaunchScreen.storyboard */; };
		BB144E462A98F0D30064224D /* ImageService.swift in Sources */ = {isa = PBXBuildFile; fileRef = BB144E452A98F0D30064224D /* ImageService.swift */; };
		BB144E492A98F1E60064224D /* ImageServiceProtocol.swift in Sources */ = {isa = PBXBuildFile; fileRef = BB144E482A98F1E60064224D /* ImageServiceProtocol.swift */; };
		BB3898DD2A977F00009555FC /* Advertisement.swift in Sources */ = {isa = PBXBuildFile; fileRef = BB3898DC2A977F00009555FC /* Advertisement.swift */; };
		BB3898DF2A978077009555FC /* HTTP.swift in Sources */ = {isa = PBXBuildFile; fileRef = BB3898DE2A978077009555FC /* HTTP.swift */; };
		BB3898E12A97809D009555FC /* EndpointAdvertisement.swift in Sources */ = {isa = PBXBuildFile; fileRef = BB3898E02A97809D009555FC /* EndpointAdvertisement.swift */; };
		BB3898E32A9783C8009555FC /* NetworkService.swift in Sources */ = {isa = PBXBuildFile; fileRef = BB3898E22A9783C8009555FC /* NetworkService.swift */; };
		BB3898E52A97B63D009555FC /* AdvertisementDetail.swift in Sources */ = {isa = PBXBuildFile; fileRef = BB3898E42A97B63D009555FC /* AdvertisementDetail.swift */; };
		BB3898E72A97BA7E009555FC /* Router.swift in Sources */ = {isa = PBXBuildFile; fileRef = BB3898E62A97BA7E009555FC /* Router.swift */; };
		BB3898E92A97BAAB009555FC /* AssemblyBuilder.swift in Sources */ = {isa = PBXBuildFile; fileRef = BB3898E82A97BAAB009555FC /* AssemblyBuilder.swift */; };
		BB3898EC2A97BFEF009555FC /* AdvertisementsCollectionView.swift in Sources */ = {isa = PBXBuildFile; fileRef = BB3898EB2A97BFEF009555FC /* AdvertisementsCollectionView.swift */; };
		BB3898EF2A97C1F7009555FC /* NetworkServiceProtocol.swift in Sources */ = {isa = PBXBuildFile; fileRef = BB3898EE2A97C1F7009555FC /* NetworkServiceProtocol.swift */; };
		BB542B042A9A139200B14DEC /* AppFonts.swift in Sources */ = {isa = PBXBuildFile; fileRef = BB542B032A9A139200B14DEC /* AppFonts.swift */; };
		BB542B062A9A141300B14DEC /* AppColors.swift in Sources */ = {isa = PBXBuildFile; fileRef = BB542B052A9A141300B14DEC /* AppColors.swift */; };
		BB542B082A9A142A00B14DEC /* Colors.xcassets in Resources */ = {isa = PBXBuildFile; fileRef = BB542B072A9A142A00B14DEC /* Colors.xcassets */; };
		BB542B0B2A9A161500B14DEC /* UIView + Extensions.swift in Sources */ = {isa = PBXBuildFile; fileRef = BB542B0A2A9A161500B14DEC /* UIView + Extensions.swift */; };
		BB542B0D2A9A354200B14DEC /* AdvertisementView.swift in Sources */ = {isa = PBXBuildFile; fileRef = BB542B0C2A9A354200B14DEC /* AdvertisementView.swift */; };
		BB542B112A9A36F900B14DEC /* CollectionAdvertisementProtocol.swift in Sources */ = {isa = PBXBuildFile; fileRef = BB542B102A9A36F900B14DEC /* CollectionAdvertisementProtocol.swift */; };
		BB542B162A9A400200B14DEC /* AdvertisementCollectionViewProtocol.swift in Sources */ = {isa = PBXBuildFile; fileRef = BB542B152A9A400200B14DEC /* AdvertisementCollectionViewProtocol.swift */; };
		BB748C922A99E232005CB3B1 /* AdvertisementCollectionViewCell.swift in Sources */ = {isa = PBXBuildFile; fileRef = BB748C912A99E232005CB3B1 /* AdvertisementCollectionViewCell.swift */; };
/* End PBXBuildFile section */

/* Begin PBXContainerItemProxy section */
		BB0EFFEF2A9AA6D6009BA8B9 /* PBXContainerItemProxy */ = {
			isa = PBXContainerItemProxy;
			containerPortal = BB1033F32A97791A0077F568 /* Project object */;
			proxyType = 1;
			remoteGlobalIDString = BB1033FA2A97791A0077F568;
			remoteInfo = "Avito Tech Assignment";
		};
/* End PBXContainerItemProxy section */

/* Begin PBXFileReference section */
		BB0EFFD72A9A6CE4009BA8B9 /* AdvertisementViewDelegate.swift */ = {isa = PBXFileReference; lastKnownFileType = sourcecode.swift; path = AdvertisementViewDelegate.swift; sourceTree = "<group>"; };
		BB0EFFD92A9A79D0009BA8B9 /* HTTPURLResponse + Extensions.swift */ = {isa = PBXFileReference; lastKnownFileType = sourcecode.swift; path = "HTTPURLResponse + Extensions.swift"; sourceTree = "<group>"; };
		BB0EFFDC2A9A8FDC009BA8B9 /* ResponseModel.swift */ = {isa = PBXFileReference; lastKnownFileType = sourcecode.swift; path = ResponseModel.swift; sourceTree = "<group>"; };
		BB0EFFDF2A9A90E2009BA8B9 /* APIErrorAdvertisement.swift */ = {isa = PBXFileReference; lastKnownFileType = sourcecode.swift; path = APIErrorAdvertisement.swift; sourceTree = "<group>"; };
		BB0EFFE12A9A94E0009BA8B9 /* EndpointImage.swift */ = {isa = PBXFileReference; lastKnownFileType = sourcecode.swift; path = EndpointImage.swift; sourceTree = "<group>"; };
		BB0EFFE62A9AA3FA009BA8B9 /* ru */ = {isa = PBXFileReference; lastKnownFileType = text.plist.strings; name = ru; path = ru.lproj/LaunchScreen.strings; sourceTree = "<group>"; };
		BB0EFFEB2A9AA6D6009BA8B9 /* Avito Tech Assignment Tests.xctest */ = {isa = PBXFileReference; explicitFileType = wrapper.cfbundle; includeInIndex = 0; path = "Avito Tech Assignment Tests.xctest"; sourceTree = BUILT_PRODUCTS_DIR; };
		BB0EFFED2A9AA6D6009BA8B9 /* Avito_Tech_Assignment_Tests.swift */ = {isa = PBXFileReference; lastKnownFileType = sourcecode.swift; path = Avito_Tech_Assignment_Tests.swift; sourceTree = "<group>"; };
		BB0EFFF62A9AA710009BA8B9 /* NetworkServiceTest.swift */ = {isa = PBXFileReference; lastKnownFileType = sourcecode.swift; path = NetworkServiceTest.swift; sourceTree = "<group>"; };
		BB0EFFF92A9AA95A009BA8B9 /* ImageServiceTest.swift */ = {isa = PBXFileReference; lastKnownFileType = sourcecode.swift; path = ImageServiceTest.swift; sourceTree = "<group>"; };
		BB0EFFFC2A9AAE14009BA8B9 /* URLSessionMock.swift */ = {isa = PBXFileReference; lastKnownFileType = sourcecode.swift; path = URLSessionMock.swift; sourceTree = "<group>"; };
		BB1033FB2A97791A0077F568 /* Avito Tech Assignment.app */ = {isa = PBXFileReference; explicitFileType = wrapper.application; includeInIndex = 0; path = "Avito Tech Assignment.app"; sourceTree = BUILT_PRODUCTS_DIR; };
		BB1033FE2A97791A0077F568 /* AppDelegate.swift */ = {isa = PBXFileReference; lastKnownFileType = sourcecode.swift; path = AppDelegate.swift; sourceTree = "<group>"; };
		BB1034002A97791A0077F568 /* SceneDelegate.swift */ = {isa = PBXFileReference; lastKnownFileType = sourcecode.swift; path = SceneDelegate.swift; sourceTree = "<group>"; };
		BB1034022A97791A0077F568 /* AdvertisementsViewController.swift */ = {isa = PBXFileReference; lastKnownFileType = sourcecode.swift; path = AdvertisementsViewController.swift; sourceTree = "<group>"; };
		BB1034072A97791A0077F568 /* Assets.xcassets */ = {isa = PBXFileReference; lastKnownFileType = folder.assetcatalog; path = Assets.xcassets; sourceTree = "<group>"; };
		BB10340A2A97791A0077F568 /* Base */ = {isa = PBXFileReference; lastKnownFileType = file.storyboard; name = Base; path = Base.lproj/LaunchScreen.storyboard; sourceTree = "<group>"; };
		BB10340C2A97791A0077F568 /* Info.plist */ = {isa = PBXFileReference; lastKnownFileType = text.plist.xml; path = Info.plist; sourceTree = "<group>"; };
		BB144E452A98F0D30064224D /* ImageService.swift */ = {isa = PBXFileReference; lastKnownFileType = sourcecode.swift; path = ImageService.swift; sourceTree = "<group>"; };
		BB144E482A98F1E60064224D /* ImageServiceProtocol.swift */ = {isa = PBXFileReference; lastKnownFileType = sourcecode.swift; path = ImageServiceProtocol.swift; sourceTree = "<group>"; };
		BB3898DC2A977F00009555FC /* Advertisement.swift */ = {isa = PBXFileReference; lastKnownFileType = sourcecode.swift; path = Advertisement.swift; sourceTree = "<group>"; };
		BB3898DE2A978077009555FC /* HTTP.swift */ = {isa = PBXFileReference; lastKnownFileType = sourcecode.swift; path = HTTP.swift; sourceTree = "<group>"; };
		BB3898E02A97809D009555FC /* EndpointAdvertisement.swift */ = {isa = PBXFileReference; lastKnownFileType = sourcecode.swift; path = EndpointAdvertisement.swift; sourceTree = "<group>"; };
		BB3898E22A9783C8009555FC /* NetworkService.swift */ = {isa = PBXFileReference; lastKnownFileType = sourcecode.swift; path = NetworkService.swift; sourceTree = "<group>"; };
		BB3898E42A97B63D009555FC /* AdvertisementDetail.swift */ = {isa = PBXFileReference; lastKnownFileType = sourcecode.swift; path = AdvertisementDetail.swift; sourceTree = "<group>"; };
		BB3898E62A97BA7E009555FC /* Router.swift */ = {isa = PBXFileReference; lastKnownFileType = sourcecode.swift; path = Router.swift; sourceTree = "<group>"; };
		BB3898E82A97BAAB009555FC /* AssemblyBuilder.swift */ = {isa = PBXFileReference; lastKnownFileType = sourcecode.swift; path = AssemblyBuilder.swift; sourceTree = "<group>"; };
		BB3898EB2A97BFEF009555FC /* AdvertisementsCollectionView.swift */ = {isa = PBXFileReference; lastKnownFileType = sourcecode.swift; path = AdvertisementsCollectionView.swift; sourceTree = "<group>"; };
		BB3898EE2A97C1F7009555FC /* NetworkServiceProtocol.swift */ = {isa = PBXFileReference; lastKnownFileType = sourcecode.swift; path = NetworkServiceProtocol.swift; sourceTree = "<group>"; };
		BB542B032A9A139200B14DEC /* AppFonts.swift */ = {isa = PBXFileReference; lastKnownFileType = sourcecode.swift; path = AppFonts.swift; sourceTree = "<group>"; };
		BB542B052A9A141300B14DEC /* AppColors.swift */ = {isa = PBXFileReference; lastKnownFileType = sourcecode.swift; path = AppColors.swift; sourceTree = "<group>"; };
		BB542B072A9A142A00B14DEC /* Colors.xcassets */ = {isa = PBXFileReference; lastKnownFileType = folder.assetcatalog; path = Colors.xcassets; sourceTree = "<group>"; };
		BB542B0A2A9A161500B14DEC /* UIView + Extensions.swift */ = {isa = PBXFileReference; lastKnownFileType = sourcecode.swift; path = "UIView + Extensions.swift"; sourceTree = "<group>"; };
		BB542B0C2A9A354200B14DEC /* AdvertisementView.swift */ = {isa = PBXFileReference; lastKnownFileType = sourcecode.swift; path = AdvertisementView.swift; sourceTree = "<group>"; };
		BB542B102A9A36F900B14DEC /* CollectionAdvertisementProtocol.swift */ = {isa = PBXFileReference; lastKnownFileType = sourcecode.swift; path = CollectionAdvertisementProtocol.swift; sourceTree = "<group>"; };
		BB542B152A9A400200B14DEC /* AdvertisementCollectionViewProtocol.swift */ = {isa = PBXFileReference; lastKnownFileType = sourcecode.swift; path = AdvertisementCollectionViewProtocol.swift; sourceTree = "<group>"; };
		BB748C912A99E232005CB3B1 /* AdvertisementCollectionViewCell.swift */ = {isa = PBXFileReference; lastKnownFileType = sourcecode.swift; path = AdvertisementCollectionViewCell.swift; sourceTree = "<group>"; };
/* End PBXFileReference section */

/* Begin PBXFrameworksBuildPhase section */
		BB0EFFE82A9AA6D6009BA8B9 /* Frameworks */ = {
			isa = PBXFrameworksBuildPhase;
			buildActionMask = 2147483647;
			files = (
			);
			runOnlyForDeploymentPostprocessing = 0;
		};
		BB1033F82A97791A0077F568 /* Frameworks */ = {
			isa = PBXFrameworksBuildPhase;
			buildActionMask = 2147483647;
			files = (
			);
			runOnlyForDeploymentPostprocessing = 0;
		};
/* End PBXFrameworksBuildPhase section */

/* Begin PBXGroup section */
		BB0EFFDB2A9A7D11009BA8B9 /* Shared */ = {
			isa = PBXGroup;
			children = (
				BB3898DE2A978077009555FC /* HTTP.swift */,
				BB0EFFDF2A9A90E2009BA8B9 /* APIErrorAdvertisement.swift */,
			);
			path = Shared;
			sourceTree = "<group>";
		};
		BB0EFFDE2A9A8FEF009BA8B9 /* Response Models */ = {
			isa = PBXGroup;
			children = (
				BB0EFFDC2A9A8FDC009BA8B9 /* ResponseModel.swift */,
			);
			path = "Response Models";
			sourceTree = "<group>";
		};
		BB0EFFEC2A9AA6D6009BA8B9 /* Avito Tech Assignment Tests */ = {
			isa = PBXGroup;
			children = (
				BB0EFFF42A9AA6DF009BA8B9 /* Service Layer Tests */,
				BB0EFFED2A9AA6D6009BA8B9 /* Avito_Tech_Assignment_Tests.swift */,
			);
			path = "Avito Tech Assignment Tests";
			sourceTree = "<group>";
		};
		BB0EFFF42A9AA6DF009BA8B9 /* Service Layer Tests */ = {
			isa = PBXGroup;
			children = (
				BB0EFFF82A9AA942009BA8B9 /* Image Service Tests */,
				BB0EFFF52A9AA6E7009BA8B9 /* Network Service Tests */,
			);
			path = "Service Layer Tests";
			sourceTree = "<group>";
		};
		BB0EFFF52A9AA6E7009BA8B9 /* Network Service Tests */ = {
			isa = PBXGroup;
			children = (
				BB0EFFFB2A9AADFD009BA8B9 /* Mocks */,
				BB0EFFF62A9AA710009BA8B9 /* NetworkServiceTest.swift */,
			);
			path = "Network Service Tests";
			sourceTree = "<group>";
		};
		BB0EFFF82A9AA942009BA8B9 /* Image Service Tests */ = {
			isa = PBXGroup;
			children = (
				BB0EFFF92A9AA95A009BA8B9 /* ImageServiceTest.swift */,
			);
			path = "Image Service Tests";
			sourceTree = "<group>";
		};
		BB0EFFFB2A9AADFD009BA8B9 /* Mocks */ = {
			isa = PBXGroup;
			children = (
				BB0EFFFC2A9AAE14009BA8B9 /* URLSessionMock.swift */,
			);
			path = Mocks;
			sourceTree = "<group>";
		};
		BB1033F22A97791A0077F568 = {
			isa = PBXGroup;
			children = (
				BB1033FD2A97791A0077F568 /* Avito Tech Assignment */,
				BB0EFFEC2A9AA6D6009BA8B9 /* Avito Tech Assignment Tests */,
				BB1033FC2A97791A0077F568 /* Products */,
			);
			sourceTree = "<group>";
		};
		BB1033FC2A97791A0077F568 /* Products */ = {
			isa = PBXGroup;
			children = (
				BB1033FB2A97791A0077F568 /* Avito Tech Assignment.app */,
				BB0EFFEB2A9AA6D6009BA8B9 /* Avito Tech Assignment Tests.xctest */,
			);
			name = Products;
			sourceTree = "<group>";
		};
		BB1033FD2A97791A0077F568 /* Avito Tech Assignment */ = {
			isa = PBXGroup;
			children = (
				BB542B092A9A160400B14DEC /* Extensions */,
				BB3898D32A9779F5009555FC /* Resources */,
				BB3898D22A9779D0009555FC /* Application */,
				BB3898D42A977A19009555FC /* Presentation Layer */,
				BB3898D52A977DE6009555FC /* Service Layer */,
				BB3898DB2A977EE1009555FC /* Models */,
			);
			path = "Avito Tech Assignment";
			sourceTree = "<group>";
		};
		BB144E442A98F0C80064224D /* Image Service */ = {
			isa = PBXGroup;
			children = (
				BB144E472A98F1D80064224D /* Contracts */,
				BB144E452A98F0D30064224D /* ImageService.swift */,
				BB0EFFE12A9A94E0009BA8B9 /* EndpointImage.swift */,
			);
			path = "Image Service";
			sourceTree = "<group>";
		};
		BB144E472A98F1D80064224D /* Contracts */ = {
			isa = PBXGroup;
			children = (
				BB144E482A98F1E60064224D /* ImageServiceProtocol.swift */,
			);
			path = Contracts;
			sourceTree = "<group>";
		};
		BB3898D22A9779D0009555FC /* Application */ = {
			isa = PBXGroup;
			children = (
				BB1033FE2A97791A0077F568 /* AppDelegate.swift */,
				BB1034002A97791A0077F568 /* SceneDelegate.swift */,
				BB3898E62A97BA7E009555FC /* Router.swift */,
				BB3898E82A97BAAB009555FC /* AssemblyBuilder.swift */,
			);
			path = Application;
			sourceTree = "<group>";
		};
		BB3898D32A9779F5009555FC /* Resources */ = {
			isa = PBXGroup;
			children = (
				BB542B022A9A137C00B14DEC /* Fonts */,
				BB542B012A9A137900B14DEC /* Colors */,
				BB1034072A97791A0077F568 /* Assets.xcassets */,
				BB1034092A97791A0077F568 /* LaunchScreen.storyboard */,
				BB10340C2A97791A0077F568 /* Info.plist */,
			);
			path = Resources;
			sourceTree = "<group>";
		};
		BB3898D42A977A19009555FC /* Presentation Layer */ = {
			isa = PBXGroup;
			children = (
				BB542B0E2A9A36BE00B14DEC /* Advertisement Flow */,
			);
			path = "Presentation Layer";
			sourceTree = "<group>";
		};
		BB3898D52A977DE6009555FC /* Service Layer */ = {
			isa = PBXGroup;
			children = (
				BB0EFFDB2A9A7D11009BA8B9 /* Shared */,
				BB144E442A98F0C80064224D /* Image Service */,
				BB3898D82A977E78009555FC /* Network Service */,
			);
			path = "Service Layer";
			sourceTree = "<group>";
		};
		BB3898D82A977E78009555FC /* Network Service */ = {
			isa = PBXGroup;
			children = (
				BB0EFFDE2A9A8FEF009BA8B9 /* Response Models */,
				BB3898ED2A97C09E009555FC /* Contracts  */,
				BB3898E22A9783C8009555FC /* NetworkService.swift */,
				BB3898E02A97809D009555FC /* EndpointAdvertisement.swift */,
			);
			path = "Network Service";
			sourceTree = "<group>";
		};
		BB3898DB2A977EE1009555FC /* Models */ = {
			isa = PBXGroup;
			children = (
				BB3898DC2A977F00009555FC /* Advertisement.swift */,
				BB3898E42A97B63D009555FC /* AdvertisementDetail.swift */,
			);
			path = Models;
			sourceTree = "<group>";
		};
		BB3898EA2A97BFCD009555FC /* Views */ = {
			isa = PBXGroup;
			children = (
				BB748C8D2A99E201005CB3B1 /* CollectionView */,
				BB542B0C2A9A354200B14DEC /* AdvertisementView.swift */,
			);
			path = Views;
			sourceTree = "<group>";
		};
		BB3898ED2A97C09E009555FC /* Contracts  */ = {
			isa = PBXGroup;
			children = (
				BB3898EE2A97C1F7009555FC /* NetworkServiceProtocol.swift */,
			);
			path = "Contracts ";
			sourceTree = "<group>";
		};
		BB542B012A9A137900B14DEC /* Colors */ = {
			isa = PBXGroup;
			children = (
				BB542B052A9A141300B14DEC /* AppColors.swift */,
				BB542B072A9A142A00B14DEC /* Colors.xcassets */,
			);
			path = Colors;
			sourceTree = "<group>";
		};
		BB542B022A9A137C00B14DEC /* Fonts */ = {
			isa = PBXGroup;
			children = (
				BB542B032A9A139200B14DEC /* AppFonts.swift */,
			);
			path = Fonts;
			sourceTree = "<group>";
		};
		BB542B092A9A160400B14DEC /* Extensions */ = {
			isa = PBXGroup;
			children = (
				BB542B0A2A9A161500B14DEC /* UIView + Extensions.swift */,
				BB0EFFD92A9A79D0009BA8B9 /* HTTPURLResponse + Extensions.swift */,
			);
			path = Extensions;
			sourceTree = "<group>";
		};
		BB542B0E2A9A36BE00B14DEC /* Advertisement Flow */ = {
			isa = PBXGroup;
			children = (
				BB542B0F2A9A36D700B14DEC /* Contracts */,
				BB3898EA2A97BFCD009555FC /* Views */,
				BB1034022A97791A0077F568 /* AdvertisementsViewController.swift */,
			);
			path = "Advertisement Flow";
			sourceTree = "<group>";
		};
		BB542B0F2A9A36D700B14DEC /* Contracts */ = {
			isa = PBXGroup;
			children = (
				BB542B102A9A36F900B14DEC /* CollectionAdvertisementProtocol.swift */,
				BB0EFFD72A9A6CE4009BA8B9 /* AdvertisementViewDelegate.swift */,
			);
			path = Contracts;
			sourceTree = "<group>";
		};
		BB542B122A9A3FDE00B14DEC /* Contracts */ = {
			isa = PBXGroup;
			children = (
				BB542B152A9A400200B14DEC /* AdvertisementCollectionViewProtocol.swift */,
			);
			path = Contracts;
			sourceTree = "<group>";
		};
		BB748C8D2A99E201005CB3B1 /* CollectionView */ = {
			isa = PBXGroup;
			children = (
				BB542B122A9A3FDE00B14DEC /* Contracts */,
				BB748C8E2A99E207005CB3B1 /* Cells */,
				BB3898EB2A97BFEF009555FC /* AdvertisementsCollectionView.swift */,
			);
			path = CollectionView;
			sourceTree = "<group>";
		};
		BB748C8E2A99E207005CB3B1 /* Cells */ = {
			isa = PBXGroup;
			children = (
				BB748C912A99E232005CB3B1 /* AdvertisementCollectionViewCell.swift */,
			);
			path = Cells;
			sourceTree = "<group>";
		};
/* End PBXGroup section */

/* Begin PBXNativeTarget section */
		BB0EFFEA2A9AA6D6009BA8B9 /* Avito Tech Assignment Tests */ = {
			isa = PBXNativeTarget;
			buildConfigurationList = BB0EFFF12A9AA6D6009BA8B9 /* Build configuration list for PBXNativeTarget "Avito Tech Assignment Tests" */;
			buildPhases = (
				BB0EFFE72A9AA6D6009BA8B9 /* Sources */,
				BB0EFFE82A9AA6D6009BA8B9 /* Frameworks */,
				BB0EFFE92A9AA6D6009BA8B9 /* Resources */,
			);
			buildRules = (
			);
			dependencies = (
				BB0EFFF02A9AA6D6009BA8B9 /* PBXTargetDependency */,
			);
			name = "Avito Tech Assignment Tests";
			productName = "Avito Tech Assignment Tests";
			productReference = BB0EFFEB2A9AA6D6009BA8B9 /* Avito Tech Assignment Tests.xctest */;
			productType = "com.apple.product-type.bundle.unit-test";
		};
		BB1033FA2A97791A0077F568 /* Avito Tech Assignment */ = {
			isa = PBXNativeTarget;
			buildConfigurationList = BB10340F2A97791A0077F568 /* Build configuration list for PBXNativeTarget "Avito Tech Assignment" */;
			buildPhases = (
				BB1033F72A97791A0077F568 /* Sources */,
				BB1033F82A97791A0077F568 /* Frameworks */,
				BB1033F92A97791A0077F568 /* Resources */,
			);
			buildRules = (
			);
			dependencies = (
			);
			name = "Avito Tech Assignment";
			productName = "Avito Tech Assignment";
			productReference = BB1033FB2A97791A0077F568 /* Avito Tech Assignment.app */;
			productType = "com.apple.product-type.application";
		};
/* End PBXNativeTarget section */

/* Begin PBXProject section */
		BB1033F32A97791A0077F568 /* Project object */ = {
			isa = PBXProject;
			attributes = {
				BuildIndependentTargetsInParallel = 1;
				LastSwiftUpdateCheck = 1430;
				LastUpgradeCheck = 1430;
				TargetAttributes = {
					BB0EFFEA2A9AA6D6009BA8B9 = {
						CreatedOnToolsVersion = 14.3.1;
						TestTargetID = BB1033FA2A97791A0077F568;
					};
					BB1033FA2A97791A0077F568 = {
						CreatedOnToolsVersion = 14.3.1;
					};
				};
			};
			buildConfigurationList = BB1033F62A97791A0077F568 /* Build configuration list for PBXProject "Avito Tech Assignment" */;
			compatibilityVersion = "Xcode 14.0";
			developmentRegion = ru;
			hasScannedForEncodings = 0;
			knownRegions = (
				en,
				Base,
				ru,
			);
			mainGroup = BB1033F22A97791A0077F568;
			productRefGroup = BB1033FC2A97791A0077F568 /* Products */;
			projectDirPath = "";
			projectRoot = "";
			targets = (
				BB1033FA2A97791A0077F568 /* Avito Tech Assignment */,
				BB0EFFEA2A9AA6D6009BA8B9 /* Avito Tech Assignment Tests */,
			);
		};
/* End PBXProject section */

/* Begin PBXResourcesBuildPhase section */
		BB0EFFE92A9AA6D6009BA8B9 /* Resources */ = {
			isa = PBXResourcesBuildPhase;
			buildActionMask = 2147483647;
			files = (
			);
			runOnlyForDeploymentPostprocessing = 0;
		};
		BB1033F92A97791A0077F568 /* Resources */ = {
			isa = PBXResourcesBuildPhase;
			buildActionMask = 2147483647;
			files = (
				BB542B082A9A142A00B14DEC /* Colors.xcassets in Resources */,
				BB10340B2A97791A0077F568 /* LaunchScreen.storyboard in Resources */,
				BB1034082A97791A0077F568 /* Assets.xcassets in Resources */,
			);
			runOnlyForDeploymentPostprocessing = 0;
		};
/* End PBXResourcesBuildPhase section */

/* Begin PBXSourcesBuildPhase section */
		BB0EFFE72A9AA6D6009BA8B9 /* Sources */ = {
			isa = PBXSourcesBuildPhase;
			buildActionMask = 2147483647;
			files = (
				BB0EFFFD2A9AAE14009BA8B9 /* URLSessionMock.swift in Sources */,
				BB0EFFF72A9AA710009BA8B9 /* NetworkServiceTest.swift in Sources */,
				BB0EFFEE2A9AA6D6009BA8B9 /* Avito_Tech_Assignment_Tests.swift in Sources */,
				BB0EFFFA2A9AA95A009BA8B9 /* ImageServiceTest.swift in Sources */,
			);
			runOnlyForDeploymentPostprocessing = 0;
		};
		BB1033F72A97791A0077F568 /* Sources */ = {
			isa = PBXSourcesBuildPhase;
			buildActionMask = 2147483647;
			files = (
				BB748C922A99E232005CB3B1 /* AdvertisementCollectionViewCell.swift in Sources */,
				BB3898E12A97809D009555FC /* EndpointAdvertisement.swift in Sources */,
				BB1034032A97791A0077F568 /* AdvertisementsViewController.swift in Sources */,
				BB542B0D2A9A354200B14DEC /* AdvertisementView.swift in Sources */,
				BB0EFFE22A9A94E0009BA8B9 /* EndpointImage.swift in Sources */,
				BB0EFFDA2A9A79D0009BA8B9 /* HTTPURLResponse + Extensions.swift in Sources */,
				BB3898E72A97BA7E009555FC /* Router.swift in Sources */,
				BB0EFFD82A9A6CE4009BA8B9 /* AdvertisementViewDelegate.swift in Sources */,
				BB542B042A9A139200B14DEC /* AppFonts.swift in Sources */,
				BB144E492A98F1E60064224D /* ImageServiceProtocol.swift in Sources */,
				BB3898E32A9783C8009555FC /* NetworkService.swift in Sources */,
				BB3898E92A97BAAB009555FC /* AssemblyBuilder.swift in Sources */,
				BB1033FF2A97791A0077F568 /* AppDelegate.swift in Sources */,
				BB3898DD2A977F00009555FC /* Advertisement.swift in Sources */,
				BB3898E52A97B63D009555FC /* AdvertisementDetail.swift in Sources */,
				BB144E462A98F0D30064224D /* ImageService.swift in Sources */,
				BB3898EF2A97C1F7009555FC /* NetworkServiceProtocol.swift in Sources */,
				BB542B062A9A141300B14DEC /* AppColors.swift in Sources */,
				BB3898DF2A978077009555FC /* HTTP.swift in Sources */,
				BB1034012A97791A0077F568 /* SceneDelegate.swift in Sources */,
				BB542B112A9A36F900B14DEC /* CollectionAdvertisementProtocol.swift in Sources */,
				BB542B0B2A9A161500B14DEC /* UIView + Extensions.swift in Sources */,
				BB542B162A9A400200B14DEC /* AdvertisementCollectionViewProtocol.swift in Sources */,
				BB0EFFDD2A9A8FDC009BA8B9 /* ResponseModel.swift in Sources */,
				BB0EFFE02A9A90E2009BA8B9 /* APIErrorAdvertisement.swift in Sources */,
				BB3898EC2A97BFEF009555FC /* AdvertisementsCollectionView.swift in Sources */,
			);
			runOnlyForDeploymentPostprocessing = 0;
		};
/* End PBXSourcesBuildPhase section */

/* Begin PBXTargetDependency section */
		BB0EFFF02A9AA6D6009BA8B9 /* PBXTargetDependency */ = {
			isa = PBXTargetDependency;
			target = BB1033FA2A97791A0077F568 /* Avito Tech Assignment */;
			targetProxy = BB0EFFEF2A9AA6D6009BA8B9 /* PBXContainerItemProxy */;
		};
/* End PBXTargetDependency section */

/* Begin PBXVariantGroup section */
		BB1034092A97791A0077F568 /* LaunchScreen.storyboard */ = {
			isa = PBXVariantGroup;
			children = (
				BB10340A2A97791A0077F568 /* Base */,
				BB0EFFE62A9AA3FA009BA8B9 /* ru */,
			);
			name = LaunchScreen.storyboard;
			sourceTree = "<group>";
		};
/* End PBXVariantGroup section */

/* Begin XCBuildConfiguration section */
		BB0EFFF22A9AA6D6009BA8B9 /* Debug */ = {
			isa = XCBuildConfiguration;
			buildSettings = {
				BUNDLE_LOADER = "$(TEST_HOST)";
				CODE_SIGN_STYLE = Automatic;
				CURRENT_PROJECT_VERSION = 1;
				DEVELOPMENT_TEAM = SF69972TN6;
				GENERATE_INFOPLIST_FILE = YES;
				MARKETING_VERSION = 1.0;
				PRODUCT_BUNDLE_IDENTIFIER = "com.smk.Avito-Tech-Assignment-Tests";
				PRODUCT_NAME = "$(TARGET_NAME)";
				SWIFT_EMIT_LOC_STRINGS = NO;
				SWIFT_VERSION = 5.0;
				TARGETED_DEVICE_FAMILY = "1,2";
				TEST_HOST = "$(BUILT_PRODUCTS_DIR)/Avito Tech Assignment.app/$(BUNDLE_EXECUTABLE_FOLDER_PATH)/Avito Tech Assignment";
			};
			name = Debug;
		};
		BB0EFFF32A9AA6D6009BA8B9 /* Release */ = {
			isa = XCBuildConfiguration;
			buildSettings = {
				BUNDLE_LOADER = "$(TEST_HOST)";
				CODE_SIGN_STYLE = Automatic;
				CURRENT_PROJECT_VERSION = 1;
				DEVELOPMENT_TEAM = SF69972TN6;
				GENERATE_INFOPLIST_FILE = YES;
				MARKETING_VERSION = 1.0;
				PRODUCT_BUNDLE_IDENTIFIER = "com.smk.Avito-Tech-Assignment-Tests";
				PRODUCT_NAME = "$(TARGET_NAME)";
				SWIFT_EMIT_LOC_STRINGS = NO;
				SWIFT_VERSION = 5.0;
				TARGETED_DEVICE_FAMILY = "1,2";
				TEST_HOST = "$(BUILT_PRODUCTS_DIR)/Avito Tech Assignment.app/$(BUNDLE_EXECUTABLE_FOLDER_PATH)/Avito Tech Assignment";
			};
			name = Release;
		};
		BB10340D2A97791A0077F568 /* Debug */ = {
			isa = XCBuildConfiguration;
			buildSettings = {
				ALWAYS_SEARCH_USER_PATHS = NO;
				CLANG_ANALYZER_LOCALIZABILITY_NONLOCALIZED = YES;
				CLANG_ANALYZER_NONNULL = YES;
				CLANG_ANALYZER_NUMBER_OBJECT_CONVERSION = YES_AGGRESSIVE;
				CLANG_CXX_LANGUAGE_STANDARD = "gnu++20";
				CLANG_ENABLE_MODULES = YES;
				CLANG_ENABLE_OBJC_ARC = YES;
				CLANG_ENABLE_OBJC_WEAK = YES;
				CLANG_WARN_BLOCK_CAPTURE_AUTORELEASING = YES;
				CLANG_WARN_BOOL_CONVERSION = YES;
				CLANG_WARN_COMMA = YES;
				CLANG_WARN_CONSTANT_CONVERSION = YES;
				CLANG_WARN_DEPRECATED_OBJC_IMPLEMENTATIONS = YES;
				CLANG_WARN_DIRECT_OBJC_ISA_USAGE = YES_ERROR;
				CLANG_WARN_DOCUMENTATION_COMMENTS = YES;
				CLANG_WARN_EMPTY_BODY = YES;
				CLANG_WARN_ENUM_CONVERSION = YES;
				CLANG_WARN_INFINITE_RECURSION = YES;
				CLANG_WARN_INT_CONVERSION = YES;
				CLANG_WARN_NON_LITERAL_NULL_CONVERSION = YES;
				CLANG_WARN_OBJC_IMPLICIT_RETAIN_SELF = YES;
				CLANG_WARN_OBJC_LITERAL_CONVERSION = YES;
				CLANG_WARN_OBJC_ROOT_CLASS = YES_ERROR;
				CLANG_WARN_QUOTED_INCLUDE_IN_FRAMEWORK_HEADER = YES;
				CLANG_WARN_RANGE_LOOP_ANALYSIS = YES;
				CLANG_WARN_STRICT_PROTOTYPES = YES;
				CLANG_WARN_SUSPICIOUS_MOVE = YES;
				CLANG_WARN_UNGUARDED_AVAILABILITY = YES_AGGRESSIVE;
				CLANG_WARN_UNREACHABLE_CODE = YES;
				CLANG_WARN__DUPLICATE_METHOD_MATCH = YES;
				COPY_PHASE_STRIP = NO;
				DEBUG_INFORMATION_FORMAT = dwarf;
				ENABLE_STRICT_OBJC_MSGSEND = YES;
				ENABLE_TESTABILITY = YES;
				GCC_C_LANGUAGE_STANDARD = gnu11;
				GCC_DYNAMIC_NO_PIC = NO;
				GCC_NO_COMMON_BLOCKS = YES;
				GCC_OPTIMIZATION_LEVEL = 0;
				GCC_PREPROCESSOR_DEFINITIONS = (
					"DEBUG=1",
					"$(inherited)",
				);
				GCC_WARN_64_TO_32_BIT_CONVERSION = YES;
				GCC_WARN_ABOUT_RETURN_TYPE = YES_ERROR;
				GCC_WARN_UNDECLARED_SELECTOR = YES;
				GCC_WARN_UNINITIALIZED_AUTOS = YES_AGGRESSIVE;
				GCC_WARN_UNUSED_FUNCTION = YES;
				GCC_WARN_UNUSED_VARIABLE = YES;
				IPHONEOS_DEPLOYMENT_TARGET = 16.4;
				MTL_ENABLE_DEBUG_INFO = INCLUDE_SOURCE;
				MTL_FAST_MATH = YES;
				ONLY_ACTIVE_ARCH = YES;
				SDKROOT = iphoneos;
				SWIFT_ACTIVE_COMPILATION_CONDITIONS = DEBUG;
				SWIFT_OPTIMIZATION_LEVEL = "-Onone";
			};
			name = Debug;
		};
		BB10340E2A97791A0077F568 /* Release */ = {
			isa = XCBuildConfiguration;
			buildSettings = {
				ALWAYS_SEARCH_USER_PATHS = NO;
				CLANG_ANALYZER_LOCALIZABILITY_NONLOCALIZED = YES;
				CLANG_ANALYZER_NONNULL = YES;
				CLANG_ANALYZER_NUMBER_OBJECT_CONVERSION = YES_AGGRESSIVE;
				CLANG_CXX_LANGUAGE_STANDARD = "gnu++20";
				CLANG_ENABLE_MODULES = YES;
				CLANG_ENABLE_OBJC_ARC = YES;
				CLANG_ENABLE_OBJC_WEAK = YES;
				CLANG_WARN_BLOCK_CAPTURE_AUTORELEASING = YES;
				CLANG_WARN_BOOL_CONVERSION = YES;
				CLANG_WARN_COMMA = YES;
				CLANG_WARN_CONSTANT_CONVERSION = YES;
				CLANG_WARN_DEPRECATED_OBJC_IMPLEMENTATIONS = YES;
				CLANG_WARN_DIRECT_OBJC_ISA_USAGE = YES_ERROR;
				CLANG_WARN_DOCUMENTATION_COMMENTS = YES;
				CLANG_WARN_EMPTY_BODY = YES;
				CLANG_WARN_ENUM_CONVERSION = YES;
				CLANG_WARN_INFINITE_RECURSION = YES;
				CLANG_WARN_INT_CONVERSION = YES;
				CLANG_WARN_NON_LITERAL_NULL_CONVERSION = YES;
				CLANG_WARN_OBJC_IMPLICIT_RETAIN_SELF = YES;
				CLANG_WARN_OBJC_LITERAL_CONVERSION = YES;
				CLANG_WARN_OBJC_ROOT_CLASS = YES_ERROR;
				CLANG_WARN_QUOTED_INCLUDE_IN_FRAMEWORK_HEADER = YES;
				CLANG_WARN_RANGE_LOOP_ANALYSIS = YES;
				CLANG_WARN_STRICT_PROTOTYPES = YES;
				CLANG_WARN_SUSPICIOUS_MOVE = YES;
				CLANG_WARN_UNGUARDED_AVAILABILITY = YES_AGGRESSIVE;
				CLANG_WARN_UNREACHABLE_CODE = YES;
				CLANG_WARN__DUPLICATE_METHOD_MATCH = YES;
				COPY_PHASE_STRIP = NO;
				DEBUG_INFORMATION_FORMAT = "dwarf-with-dsym";
				ENABLE_NS_ASSERTIONS = NO;
				ENABLE_STRICT_OBJC_MSGSEND = YES;
				GCC_C_LANGUAGE_STANDARD = gnu11;
				GCC_NO_COMMON_BLOCKS = YES;
				GCC_WARN_64_TO_32_BIT_CONVERSION = YES;
				GCC_WARN_ABOUT_RETURN_TYPE = YES_ERROR;
				GCC_WARN_UNDECLARED_SELECTOR = YES;
				GCC_WARN_UNINITIALIZED_AUTOS = YES_AGGRESSIVE;
				GCC_WARN_UNUSED_FUNCTION = YES;
				GCC_WARN_UNUSED_VARIABLE = YES;
				IPHONEOS_DEPLOYMENT_TARGET = 16.4;
				MTL_ENABLE_DEBUG_INFO = NO;
				MTL_FAST_MATH = YES;
				SDKROOT = iphoneos;
				SWIFT_COMPILATION_MODE = wholemodule;
				SWIFT_OPTIMIZATION_LEVEL = "-O";
				VALIDATE_PRODUCT = YES;
			};
			name = Release;
		};
		BB1034102A97791A0077F568 /* Debug */ = {
			isa = XCBuildConfiguration;
			buildSettings = {
				ASSETCATALOG_COMPILER_APPICON_NAME = AppIcon;
				ASSETCATALOG_COMPILER_GLOBAL_ACCENT_COLOR_NAME = AccentColor;
				CODE_SIGN_STYLE = Automatic;
				CURRENT_PROJECT_VERSION = 1;
				DEVELOPMENT_TEAM = SF69972TN6;
				GENERATE_INFOPLIST_FILE = YES;
				INFOPLIST_FILE = "Avito Tech Assignment/Resources/Info.plist";
				INFOPLIST_KEY_UIApplicationSupportsIndirectInputEvents = YES;
				INFOPLIST_KEY_UILaunchStoryboardName = LaunchScreen;
				INFOPLIST_KEY_UISupportedInterfaceOrientations_iPad = "UIInterfaceOrientationPortrait UIInterfaceOrientationPortraitUpsideDown UIInterfaceOrientationLandscapeLeft UIInterfaceOrientationLandscapeRight";
				INFOPLIST_KEY_UISupportedInterfaceOrientations_iPhone = "UIInterfaceOrientationPortrait UIInterfaceOrientationLandscapeLeft UIInterfaceOrientationLandscapeRight";
				LD_RUNPATH_SEARCH_PATHS = (
					"$(inherited)",
					"@executable_path/Frameworks",
				);
				MARKETING_VERSION = 1.0;
				PRODUCT_BUNDLE_IDENTIFIER = "com.smk.Avito-Tech-Assignment";
				PRODUCT_NAME = "$(TARGET_NAME)";
				SWIFT_EMIT_LOC_STRINGS = YES;
				SWIFT_VERSION = 5.0;
				TARGETED_DEVICE_FAMILY = "1,2";
			};
			name = Debug;
		};
		BB1034112A97791A0077F568 /* Release */ = {
			isa = XCBuildConfiguration;
			buildSettings = {
				ASSETCATALOG_COMPILER_APPICON_NAME = AppIcon;
				ASSETCATALOG_COMPILER_GLOBAL_ACCENT_COLOR_NAME = AccentColor;
				CODE_SIGN_STYLE = Automatic;
				CURRENT_PROJECT_VERSION = 1;
				DEVELOPMENT_TEAM = SF69972TN6;
				GENERATE_INFOPLIST_FILE = YES;
				INFOPLIST_FILE = "Avito Tech Assignment/Resources/Info.plist";
				INFOPLIST_KEY_UIApplicationSupportsIndirectInputEvents = YES;
				INFOPLIST_KEY_UILaunchStoryboardName = LaunchScreen;
				INFOPLIST_KEY_UISupportedInterfaceOrientations_iPad = "UIInterfaceOrientationPortrait UIInterfaceOrientationPortraitUpsideDown UIInterfaceOrientationLandscapeLeft UIInterfaceOrientationLandscapeRight";
				INFOPLIST_KEY_UISupportedInterfaceOrientations_iPhone = "UIInterfaceOrientationPortrait UIInterfaceOrientationLandscapeLeft UIInterfaceOrientationLandscapeRight";
				LD_RUNPATH_SEARCH_PATHS = (
					"$(inherited)",
					"@executable_path/Frameworks",
				);
				MARKETING_VERSION = 1.0;
				PRODUCT_BUNDLE_IDENTIFIER = "com.smk.Avito-Tech-Assignment";
				PRODUCT_NAME = "$(TARGET_NAME)";
				SWIFT_EMIT_LOC_STRINGS = YES;
				SWIFT_VERSION = 5.0;
				TARGETED_DEVICE_FAMILY = "1,2";
			};
			name = Release;
		};
/* End XCBuildConfiguration section */

/* Begin XCConfigurationList section */
		BB0EFFF12A9AA6D6009BA8B9 /* Build configuration list for PBXNativeTarget "Avito Tech Assignment Tests" */ = {
			isa = XCConfigurationList;
			buildConfigurations = (
				BB0EFFF22A9AA6D6009BA8B9 /* Debug */,
				BB0EFFF32A9AA6D6009BA8B9 /* Release */,
			);
			defaultConfigurationIsVisible = 0;
			defaultConfigurationName = Release;
		};
		BB1033F62A97791A0077F568 /* Build configuration list for PBXProject "Avito Tech Assignment" */ = {
			isa = XCConfigurationList;
			buildConfigurations = (
				BB10340D2A97791A0077F568 /* Debug */,
				BB10340E2A97791A0077F568 /* Release */,
			);
			defaultConfigurationIsVisible = 0;
			defaultConfigurationName = Release;
		};
		BB10340F2A97791A0077F568 /* Build configuration list for PBXNativeTarget "Avito Tech Assignment" */ = {
			isa = XCConfigurationList;
			buildConfigurations = (
				BB1034102A97791A0077F568 /* Debug */,
				BB1034112A97791A0077F568 /* Release */,
			);
			defaultConfigurationIsVisible = 0;
			defaultConfigurationName = Release;
		};
/* End XCConfigurationList section */
	};
	rootObject = BB1033F32A97791A0077F568 /* Project object */;
}
