// !$*UTF8*$!
{
	archiveVersion = 1;
	classes = {
	};
	objectVersion = 56;
	objects = {

/* Begin PBXBuildFile section */
		BB0EFFDA2A9A79D0009BA8B9 /* HTTPURLResponse + Extensions.swift in Sources */ = {isa = PBXBuildFile; fileRef = BB0EFFD92A9A79D0009BA8B9 /* HTTPURLResponse + Extensions.swift */; };
		BB0EFFDD2A9A8FDC009BA8B9 /* ResponseModel.swift in Sources */ = {isa = PBXBuildFile; fileRef = BB0EFFDC2A9A8FDC009BA8B9 /* ResponseModel.swift */; };
		BB0EFFE02A9A90E2009BA8B9 /* ApiError.swift in Sources */ = {isa = PBXBuildFile; fileRef = BB0EFFDF2A9A90E2009BA8B9 /* ApiError.swift */; };
		BB0EFFE22A9A94E0009BA8B9 /* EndpointImage.swift in Sources */ = {isa = PBXBuildFile; fileRef = BB0EFFE12A9A94E0009BA8B9 /* EndpointImage.swift */; };
		BB0EFFFD2A9AAE14009BA8B9 /* MockURLSession.swift in Sources */ = {isa = PBXBuildFile; fileRef = BB0EFFFC2A9AAE14009BA8B9 /* MockURLSession.swift */; };
		BB1033FF2A97791A0077F568 /* AppDelegate.swift in Sources */ = {isa = PBXBuildFile; fileRef = BB1033FE2A97791A0077F568 /* AppDelegate.swift */; };
		BB1034012A97791A0077F568 /* SceneDelegate.swift in Sources */ = {isa = PBXBuildFile; fileRef = BB1034002A97791A0077F568 /* SceneDelegate.swift */; };
		BB1034032A97791A0077F568 /* AdvertisementsViewController.swift in Sources */ = {isa = PBXBuildFile; fileRef = BB1034022A97791A0077F568 /* AdvertisementsViewController.swift */; };
		BB10340B2A97791A0077F568 /* LaunchScreen.storyboard in Resources */ = {isa = PBXBuildFile; fileRef = BB1034092A97791A0077F568 /* LaunchScreen.storyboard */; };
		BB144E492A98F1E60064224D /* ImageServiceProtocol.swift in Sources */ = {isa = PBXBuildFile; fileRef = BB144E482A98F1E60064224D /* ImageServiceProtocol.swift */; };
		BB3898DD2A977F00009555FC /* Advertisement.swift in Sources */ = {isa = PBXBuildFile; fileRef = BB3898DC2A977F00009555FC /* Advertisement.swift */; };
		BB3898DF2A978077009555FC /* HTTP.swift in Sources */ = {isa = PBXBuildFile; fileRef = BB3898DE2A978077009555FC /* HTTP.swift */; };
		BB3898E12A97809D009555FC /* EndpointAdvertisement.swift in Sources */ = {isa = PBXBuildFile; fileRef = BB3898E02A97809D009555FC /* EndpointAdvertisement.swift */; };
		BB3898E32A9783C8009555FC /* NetworkService.swift in Sources */ = {isa = PBXBuildFile; fileRef = BB3898E22A9783C8009555FC /* NetworkService.swift */; };
		BB3898E52A97B63D009555FC /* AdvertisementDetail.swift in Sources */ = {isa = PBXBuildFile; fileRef = BB3898E42A97B63D009555FC /* AdvertisementDetail.swift */; };
		BB3898E72A97BA7E009555FC /* Router.swift in Sources */ = {isa = PBXBuildFile; fileRef = BB3898E62A97BA7E009555FC /* Router.swift */; };
		BB3898E92A97BAAB009555FC /* AssemblyBuilder.swift in Sources */ = {isa = PBXBuildFile; fileRef = BB3898E82A97BAAB009555FC /* AssemblyBuilder.swift */; };
		BB3898EC2A97BFEF009555FC /* AdvertisementsCollectionView.swift in Sources */ = {isa = PBXBuildFile; fileRef = BB3898EB2A97BFEF009555FC /* AdvertisementsCollectionView.swift */; };
		BB3898EF2A97C1F7009555FC /* NetworkServiceProtocol.swift in Sources */ = {isa = PBXBuildFile; fileRef = BB3898EE2A97C1F7009555FC /* NetworkServiceProtocol.swift */; };
		BB542B042A9A139200B14DEC /* AppFonts.swift in Sources */ = {isa = PBXBuildFile; fileRef = BB542B032A9A139200B14DEC /* AppFonts.swift */; };
		BB542B062A9A141300B14DEC /* AppColors.swift in Sources */ = {isa = PBXBuildFile; fileRef = BB542B052A9A141300B14DEC /* AppColors.swift */; };
		BB542B082A9A142A00B14DEC /* Colors.xcassets in Resources */ = {isa = PBXBuildFile; fileRef = BB542B072A9A142A00B14DEC /* Colors.xcassets */; };
		BB542B0B2A9A161500B14DEC /* UIView + Extensions.swift in Sources */ = {isa = PBXBuildFile; fileRef = BB542B0A2A9A161500B14DEC /* UIView + Extensions.swift */; };
		BB542B0D2A9A354200B14DEC /* AdvertisementView.swift in Sources */ = {isa = PBXBuildFile; fileRef = BB542B0C2A9A354200B14DEC /* AdvertisementView.swift */; };
		BB63E27F2A9CF2F300E3CA37 /* ImageAPIClientTests.swift in Sources */ = {isa = PBXBuildFile; fileRef = BB63E27E2A9CF2F300E3CA37 /* ImageAPIClientTests.swift */; };
		BB63E2812A9CF41400E3CA37 /* ImageServiceTests.swift in Sources */ = {isa = PBXBuildFile; fileRef = BB63E2802A9CF41400E3CA37 /* ImageServiceTests.swift */; };
		BB63E2852A9CF4DB00E3CA37 /* MockImageAPIClient.swift in Sources */ = {isa = PBXBuildFile; fileRef = BB63E2842A9CF4DB00E3CA37 /* MockImageAPIClient.swift */; };
		BB748C922A99E232005CB3B1 /* AdvertisementCollectionViewCell.swift in Sources */ = {isa = PBXBuildFile; fileRef = BB748C912A99E232005CB3B1 /* AdvertisementCollectionViewCell.swift */; };
		BB7B8FC92A9DEE0C007C9417 /* AdImageView.swift in Sources */ = {isa = PBXBuildFile; fileRef = BB7B8FC82A9DEE0C007C9417 /* AdImageView.swift */; };
		BB7B8FCB2A9DEFF5007C9417 /* UIStackView + Extensions.swift in Sources */ = {isa = PBXBuildFile; fileRef = BB7B8FCA2A9DEFF5007C9417 /* UIStackView + Extensions.swift */; };
		BB7B8FCD2A9DF31C007C9417 /* ImageLabelView.swift in Sources */ = {isa = PBXBuildFile; fileRef = BB7B8FCC2A9DF31C007C9417 /* ImageLabelView.swift */; };
		BB7B8FD12A9DF79D007C9417 /* AppData.swift in Sources */ = {isa = PBXBuildFile; fileRef = BB7B8FD02A9DF79D007C9417 /* AppData.swift */; };
		BB7B8FD42A9DFDF5007C9417 /* Formattable.swift in Sources */ = {isa = PBXBuildFile; fileRef = BB7B8FD32A9DFDF5007C9417 /* Formattable.swift */; };
		BB7B8FD62A9E1DEE007C9417 /* LoadingView.swift in Sources */ = {isa = PBXBuildFile; fileRef = BB7B8FD52A9E1DEE007C9417 /* LoadingView.swift */; };
		BB7B8FDA2A9E1F36007C9417 /* LoadingViewProtocol.swift in Sources */ = {isa = PBXBuildFile; fileRef = BB7B8FD92A9E1F36007C9417 /* LoadingViewProtocol.swift */; };
		BB7B8FE02A9E23AC007C9417 /* ErrorViewAlertController.swift in Sources */ = {isa = PBXBuildFile; fileRef = BB7B8FDF2A9E23AC007C9417 /* ErrorViewAlertController.swift */; };
		BB7B8FE32A9E3C94007C9417 /* AppConstants.swift in Sources */ = {isa = PBXBuildFile; fileRef = BB7B8FE22A9E3C94007C9417 /* AppConstants.swift */; };
		BB822B102A9CA70200681C2B /* AdvertisementAPIClient.swift in Sources */ = {isa = PBXBuildFile; fileRef = BB822B0F2A9CA70200681C2B /* AdvertisementAPIClient.swift */; };
		BB822B132A9CA8A000681C2B /* AdvertisementAPIClientProtocol.swift in Sources */ = {isa = PBXBuildFile; fileRef = BB822B122A9CA8A000681C2B /* AdvertisementAPIClientProtocol.swift */; };
		BB822B172A9CA8F400681C2B /* ImageAPIClient.swift in Sources */ = {isa = PBXBuildFile; fileRef = BB822B162A9CA8F400681C2B /* ImageAPIClient.swift */; };
		BB822B192A9CA90900681C2B /* ImageAPIClientProtocol.swift in Sources */ = {isa = PBXBuildFile; fileRef = BB822B182A9CA90900681C2B /* ImageAPIClientProtocol.swift */; };
		BB822B1B2A9CAB8B00681C2B /* AdvertisementService.swift in Sources */ = {isa = PBXBuildFile; fileRef = BB822B1A2A9CAB8B00681C2B /* AdvertisementService.swift */; };
		BB822B202A9CABE300681C2B /* AdvertisementServiceProtocol.swift in Sources */ = {isa = PBXBuildFile; fileRef = BB822B1F2A9CABE300681C2B /* AdvertisementServiceProtocol.swift */; };
		BB822B272A9CAF2500681C2B /*  ImageService.swift in Sources */ = {isa = PBXBuildFile; fileRef = BB822B262A9CAF2500681C2B /*  ImageService.swift */; };
		BB822B2C2A9CCD5100681C2B /* NetworkServiceTests.swift in Sources */ = {isa = PBXBuildFile; fileRef = BB822B2B2A9CCD5000681C2B /* NetworkServiceTests.swift */; };
		BB822B2E2A9CD0F100681C2B /* NetworkServiceErrorTests.swift in Sources */ = {isa = PBXBuildFile; fileRef = BB822B2D2A9CD0F100681C2B /* NetworkServiceErrorTests.swift */; };
		BB822B312A9CD96900681C2B /* AdAPIClientTests.swift in Sources */ = {isa = PBXBuildFile; fileRef = BB822B302A9CD96900681C2B /* AdAPIClientTests.swift */; };
		BB822B342A9CD9F400681C2B /* MockNetworkService.swift in Sources */ = {isa = PBXBuildFile; fileRef = BB822B332A9CD9F400681C2B /* MockNetworkService.swift */; };
		BB822B382A9CDCFD00681C2B /* AdServiceTests.swift in Sources */ = {isa = PBXBuildFile; fileRef = BB822B372A9CDCFD00681C2B /* AdServiceTests.swift */; };
		BB822B3A2A9CDD5300681C2B /* MockAdvertisementAPIClient.swift in Sources */ = {isa = PBXBuildFile; fileRef = BB822B392A9CDD5300681C2B /* MockAdvertisementAPIClient.swift */; };
		BB822B3C2A9CDF8600681C2B /* MockAdvertisementsResponseJSON.swift in Sources */ = {isa = PBXBuildFile; fileRef = BB822B3B2A9CDF8600681C2B /* MockAdvertisementsResponseJSON.swift */; };
		BB822B3F2A9CE35C00681C2B /* MockAdvertisementDetailJSON.swift in Sources */ = {isa = PBXBuildFile; fileRef = BB822B3E2A9CE35C00681C2B /* MockAdvertisementDetailJSON.swift */; };
		BBB81A782A9F3FAD00EB8B51 /* AdvertisementsPresenterProtocol.swift in Sources */ = {isa = PBXBuildFile; fileRef = BBB81A772A9F3FAD00EB8B51 /* AdvertisementsPresenterProtocol.swift */; };
		BBB81A7B2A9F3FDA00EB8B51 /* AdvertisementViewProtocol.swift in Sources */ = {isa = PBXBuildFile; fileRef = BBB81A7A2A9F3FDA00EB8B51 /* AdvertisementViewProtocol.swift */; };
		BBB81A7D2A9F407C00EB8B51 /* AdvertisementPresenter.swift in Sources */ = {isa = PBXBuildFile; fileRef = BBB81A7C2A9F407C00EB8B51 /* AdvertisementPresenter.swift */; };
		BBB81A872A9F485D00EB8B51 /* AdvertisementDetailViewProtocol.swift in Sources */ = {isa = PBXBuildFile; fileRef = BBB81A862A9F485D00EB8B51 /* AdvertisementDetailViewProtocol.swift */; };
		BBB81A892A9F489300EB8B51 /* AdvertisementDetailPresenterProtocol.swift in Sources */ = {isa = PBXBuildFile; fileRef = BBB81A882A9F489300EB8B51 /* AdvertisementDetailPresenterProtocol.swift */; };
		BBB81A8B2A9F48A000EB8B51 /* AdvertisementDetailPresenter.swift in Sources */ = {isa = PBXBuildFile; fileRef = BBB81A8A2A9F48A000EB8B51 /* AdvertisementDetailPresenter.swift */; };
		BBB81A8D2A9F526800EB8B51 /* AdvertisementsErrorViewDelegate.swift in Sources */ = {isa = PBXBuildFile; fileRef = BBB81A8C2A9F526800EB8B51 /* AdvertisementsErrorViewDelegate.swift */; };
		BBB81A942A9F5BE400EB8B51 /* RouterTests.swift in Sources */ = {isa = PBXBuildFile; fileRef = BBB81A932A9F5BE400EB8B51 /* RouterTests.swift */; };
		BBB81A962A9F5CE200EB8B51 /* MockAssemblyBuilder.swift in Sources */ = {isa = PBXBuildFile; fileRef = BBB81A952A9F5CE200EB8B51 /* MockAssemblyBuilder.swift */; };
		BBB81A992A9F626C00EB8B51 /* MockServiceFactory.swift in Sources */ = {isa = PBXBuildFile; fileRef = BBB81A982A9F626C00EB8B51 /* MockServiceFactory.swift */; };
		BBB81A9B2A9F630D00EB8B51 /* AssemblyBuilderTests.swift in Sources */ = {isa = PBXBuildFile; fileRef = BBB81A9A2A9F630D00EB8B51 /* AssemblyBuilderTests.swift */; };
		BBB81A9D2A9F646000EB8B51 /* MockImageService.swift in Sources */ = {isa = PBXBuildFile; fileRef = BBB81A9C2A9F646000EB8B51 /* MockImageService.swift */; };
		BBB81A9F2A9F648500EB8B51 /* MockAdvertisementService.swift in Sources */ = {isa = PBXBuildFile; fileRef = BBB81A9E2A9F648500EB8B51 /* MockAdvertisementService.swift */; };
		BBB81AA12A9F657A00EB8B51 /* MockRouter.swift in Sources */ = {isa = PBXBuildFile; fileRef = BBB81AA02A9F657A00EB8B51 /* MockRouter.swift */; };
		BBB81AA42A9F664300EB8B51 /* ServiceFactoryTests.swift in Sources */ = {isa = PBXBuildFile; fileRef = BBB81AA32A9F664300EB8B51 /* ServiceFactoryTests.swift */; };
		BBB81AA72A9F67E000EB8B51 /* AdvertisementPresenterTests.swift in Sources */ = {isa = PBXBuildFile; fileRef = BBB81AA62A9F67E000EB8B51 /* AdvertisementPresenterTests.swift */; };
		BBB81AAA2A9F684700EB8B51 /* MockAdvertisementView.swift in Sources */ = {isa = PBXBuildFile; fileRef = BBB81AA92A9F684700EB8B51 /* MockAdvertisementView.swift */; };
		BBB81AAD2A9F6C1400EB8B51 /* AdvertisementDetailPresenterTests.swift in Sources */ = {isa = PBXBuildFile; fileRef = BBB81AAC2A9F6C1400EB8B51 /* AdvertisementDetailPresenterTests.swift */; };
		BBB81AAF2A9F6C6600EB8B51 /* MockAdvertisementDetailView.swift in Sources */ = {isa = PBXBuildFile; fileRef = BBB81AAE2A9F6C6600EB8B51 /* MockAdvertisementDetailView.swift */; };
		BBDD69A92A9CFB2100910266 /* AssemblyBuilderProtocol.swift in Sources */ = {isa = PBXBuildFile; fileRef = BBDD69A82A9CFB2100910266 /* AssemblyBuilderProtocol.swift */; };
		BBDD69AD2A9CFB6400910266 /* ServiceFactoryProtocol.swift in Sources */ = {isa = PBXBuildFile; fileRef = BBDD69AC2A9CFB6400910266 /* ServiceFactoryProtocol.swift */; };
		BBDD69AF2A9CFB7B00910266 /* DefaultServiceFactory.swift in Sources */ = {isa = PBXBuildFile; fileRef = BBDD69AE2A9CFB7B00910266 /* DefaultServiceFactory.swift */; };
		BBDD69B42A9CFC2200910266 /* RouterProtocol.swift in Sources */ = {isa = PBXBuildFile; fileRef = BBDD69B32A9CFC2200910266 /* RouterProtocol.swift */; };
		BBDD69B72A9D143000910266 /* AdvertisementDetailViewController.swift in Sources */ = {isa = PBXBuildFile; fileRef = BBDD69B62A9D143000910266 /* AdvertisementDetailViewController.swift */; };
		BBDD69BB2A9D146900910266 /* AdvertisementDetailView.swift in Sources */ = {isa = PBXBuildFile; fileRef = BBDD69BA2A9D146900910266 /* AdvertisementDetailView.swift */; };
		BBDD69BD2A9D1A5300910266 /* AdDetailsView.swift in Sources */ = {isa = PBXBuildFile; fileRef = BBDD69BC2A9D1A5300910266 /* AdDetailsView.swift */; };
		BBDD69C02A9D3B6700910266 /* AppIcons.swift in Sources */ = {isa = PBXBuildFile; fileRef = BBDD69BF2A9D3B6700910266 /* AppIcons.swift */; };
		BBDD69C22A9D3E2F00910266 /* Assets.xcassets in Resources */ = {isa = PBXBuildFile; fileRef = BBDD69C12A9D3E2F00910266 /* Assets.xcassets */; };
/* End PBXBuildFile section */

/* Begin PBXContainerItemProxy section */
		BB0EFFEF2A9AA6D6009BA8B9 /* PBXContainerItemProxy */ = {
			isa = PBXContainerItemProxy;
			containerPortal = BB1033F32A97791A0077F568 /* Project object */;
			proxyType = 1;
			remoteGlobalIDString = BB1033FA2A97791A0077F568;
			remoteInfo = "Avito Tech Assignment";
		};
/* End PBXContainerItemProxy section */

/* Begin PBXFileReference section */
		BB0EFFD92A9A79D0009BA8B9 /* HTTPURLResponse + Extensions.swift */ = {isa = PBXFileReference; lastKnownFileType = sourcecode.swift; path = "HTTPURLResponse + Extensions.swift"; sourceTree = "<group>"; };
		BB0EFFDC2A9A8FDC009BA8B9 /* ResponseModel.swift */ = {isa = PBXFileReference; lastKnownFileType = sourcecode.swift; path = ResponseModel.swift; sourceTree = "<group>"; };
		BB0EFFDF2A9A90E2009BA8B9 /* ApiError.swift */ = {isa = PBXFileReference; lastKnownFileType = sourcecode.swift; path = ApiError.swift; sourceTree = "<group>"; };
		BB0EFFE12A9A94E0009BA8B9 /* EndpointImage.swift */ = {isa = PBXFileReference; lastKnownFileType = sourcecode.swift; path = EndpointImage.swift; sourceTree = "<group>"; };
		BB0EFFE62A9AA3FA009BA8B9 /* ru */ = {isa = PBXFileReference; lastKnownFileType = text.plist.strings; name = ru; path = ru.lproj/LaunchScreen.strings; sourceTree = "<group>"; };
		BB0EFFEB2A9AA6D6009BA8B9 /* Avito Tech Assignment Tests.xctest */ = {isa = PBXFileReference; explicitFileType = wrapper.cfbundle; includeInIndex = 0; path = "Avito Tech Assignment Tests.xctest"; sourceTree = BUILT_PRODUCTS_DIR; };
		BB0EFFFC2A9AAE14009BA8B9 /* MockURLSession.swift */ = {isa = PBXFileReference; lastKnownFileType = sourcecode.swift; path = MockURLSession.swift; sourceTree = "<group>"; };
		BB1033FB2A97791A0077F568 /* Avito Tech Assignment.app */ = {isa = PBXFileReference; explicitFileType = wrapper.application; includeInIndex = 0; path = "Avito Tech Assignment.app"; sourceTree = BUILT_PRODUCTS_DIR; };
		BB1033FE2A97791A0077F568 /* AppDelegate.swift */ = {isa = PBXFileReference; lastKnownFileType = sourcecode.swift; path = AppDelegate.swift; sourceTree = "<group>"; };
		BB1034002A97791A0077F568 /* SceneDelegate.swift */ = {isa = PBXFileReference; lastKnownFileType = sourcecode.swift; path = SceneDelegate.swift; sourceTree = "<group>"; };
		BB1034022A97791A0077F568 /* AdvertisementsViewController.swift */ = {isa = PBXFileReference; lastKnownFileType = sourcecode.swift; path = AdvertisementsViewController.swift; sourceTree = "<group>"; };
		BB10340A2A97791A0077F568 /* Base */ = {isa = PBXFileReference; lastKnownFileType = file.storyboard; name = Base; path = Base.lproj/LaunchScreen.storyboard; sourceTree = "<group>"; };
		BB10340C2A97791A0077F568 /* Info.plist */ = {isa = PBXFileReference; lastKnownFileType = text.plist.xml; path = Info.plist; sourceTree = "<group>"; };
		BB144E482A98F1E60064224D /* ImageServiceProtocol.swift */ = {isa = PBXFileReference; lastKnownFileType = sourcecode.swift; path = ImageServiceProtocol.swift; sourceTree = "<group>"; };
		BB3898DC2A977F00009555FC /* Advertisement.swift */ = {isa = PBXFileReference; lastKnownFileType = sourcecode.swift; path = Advertisement.swift; sourceTree = "<group>"; };
		BB3898DE2A978077009555FC /* HTTP.swift */ = {isa = PBXFileReference; lastKnownFileType = sourcecode.swift; path = HTTP.swift; sourceTree = "<group>"; };
		BB3898E02A97809D009555FC /* EndpointAdvertisement.swift */ = {isa = PBXFileReference; lastKnownFileType = sourcecode.swift; path = EndpointAdvertisement.swift; sourceTree = "<group>"; };
		BB3898E22A9783C8009555FC /* NetworkService.swift */ = {isa = PBXFileReference; lastKnownFileType = sourcecode.swift; path = NetworkService.swift; sourceTree = "<group>"; };
		BB3898E42A97B63D009555FC /* AdvertisementDetail.swift */ = {isa = PBXFileReference; lastKnownFileType = sourcecode.swift; path = AdvertisementDetail.swift; sourceTree = "<group>"; };
		BB3898E62A97BA7E009555FC /* Router.swift */ = {isa = PBXFileReference; lastKnownFileType = sourcecode.swift; path = Router.swift; sourceTree = "<group>"; };
		BB3898E82A97BAAB009555FC /* AssemblyBuilder.swift */ = {isa = PBXFileReference; lastKnownFileType = sourcecode.swift; path = AssemblyBuilder.swift; sourceTree = "<group>"; };
		BB3898EB2A97BFEF009555FC /* AdvertisementsCollectionView.swift */ = {isa = PBXFileReference; lastKnownFileType = sourcecode.swift; path = AdvertisementsCollectionView.swift; sourceTree = "<group>"; };
		BB3898EE2A97C1F7009555FC /* NetworkServiceProtocol.swift */ = {isa = PBXFileReference; lastKnownFileType = sourcecode.swift; path = NetworkServiceProtocol.swift; sourceTree = "<group>"; };
		BB542B032A9A139200B14DEC /* AppFonts.swift */ = {isa = PBXFileReference; lastKnownFileType = sourcecode.swift; path = AppFonts.swift; sourceTree = "<group>"; };
		BB542B052A9A141300B14DEC /* AppColors.swift */ = {isa = PBXFileReference; lastKnownFileType = sourcecode.swift; path = AppColors.swift; sourceTree = "<group>"; };
		BB542B072A9A142A00B14DEC /* Colors.xcassets */ = {isa = PBXFileReference; lastKnownFileType = folder.assetcatalog; path = Colors.xcassets; sourceTree = "<group>"; };
		BB542B0A2A9A161500B14DEC /* UIView + Extensions.swift */ = {isa = PBXFileReference; lastKnownFileType = sourcecode.swift; path = "UIView + Extensions.swift"; sourceTree = "<group>"; };
		BB542B0C2A9A354200B14DEC /* AdvertisementView.swift */ = {isa = PBXFileReference; lastKnownFileType = sourcecode.swift; path = AdvertisementView.swift; sourceTree = "<group>"; };
		BB63E27E2A9CF2F300E3CA37 /* ImageAPIClientTests.swift */ = {isa = PBXFileReference; lastKnownFileType = sourcecode.swift; path = ImageAPIClientTests.swift; sourceTree = "<group>"; };
		BB63E2802A9CF41400E3CA37 /* ImageServiceTests.swift */ = {isa = PBXFileReference; lastKnownFileType = sourcecode.swift; path = ImageServiceTests.swift; sourceTree = "<group>"; };
		BB63E2842A9CF4DB00E3CA37 /* MockImageAPIClient.swift */ = {isa = PBXFileReference; lastKnownFileType = sourcecode.swift; path = MockImageAPIClient.swift; sourceTree = "<group>"; };
		BB748C912A99E232005CB3B1 /* AdvertisementCollectionViewCell.swift */ = {isa = PBXFileReference; lastKnownFileType = sourcecode.swift; path = AdvertisementCollectionViewCell.swift; sourceTree = "<group>"; };
		BB7B8FC82A9DEE0C007C9417 /* AdImageView.swift */ = {isa = PBXFileReference; lastKnownFileType = sourcecode.swift; path = AdImageView.swift; sourceTree = "<group>"; };
		BB7B8FCA2A9DEFF5007C9417 /* UIStackView + Extensions.swift */ = {isa = PBXFileReference; lastKnownFileType = sourcecode.swift; path = "UIStackView + Extensions.swift"; sourceTree = "<group>"; };
		BB7B8FCC2A9DF31C007C9417 /* ImageLabelView.swift */ = {isa = PBXFileReference; lastKnownFileType = sourcecode.swift; path = ImageLabelView.swift; sourceTree = "<group>"; };
		BB7B8FD02A9DF79D007C9417 /* AppData.swift */ = {isa = PBXFileReference; lastKnownFileType = sourcecode.swift; path = AppData.swift; sourceTree = "<group>"; };
		BB7B8FD32A9DFDF5007C9417 /* Formattable.swift */ = {isa = PBXFileReference; lastKnownFileType = sourcecode.swift; path = Formattable.swift; sourceTree = "<group>"; };
		BB7B8FD52A9E1DEE007C9417 /* LoadingView.swift */ = {isa = PBXFileReference; lastKnownFileType = sourcecode.swift; path = LoadingView.swift; sourceTree = "<group>"; };
		BB7B8FD92A9E1F36007C9417 /* LoadingViewProtocol.swift */ = {isa = PBXFileReference; lastKnownFileType = sourcecode.swift; path = LoadingViewProtocol.swift; sourceTree = "<group>"; };
		BB7B8FDF2A9E23AC007C9417 /* ErrorViewAlertController.swift */ = {isa = PBXFileReference; lastKnownFileType = sourcecode.swift; path = ErrorViewAlertController.swift; sourceTree = "<group>"; };
		BB7B8FE22A9E3C94007C9417 /* AppConstants.swift */ = {isa = PBXFileReference; lastKnownFileType = sourcecode.swift; path = AppConstants.swift; sourceTree = "<group>"; };
		BB822B0F2A9CA70200681C2B /* AdvertisementAPIClient.swift */ = {isa = PBXFileReference; lastKnownFileType = sourcecode.swift; path = AdvertisementAPIClient.swift; sourceTree = "<group>"; };
		BB822B122A9CA8A000681C2B /* AdvertisementAPIClientProtocol.swift */ = {isa = PBXFileReference; lastKnownFileType = sourcecode.swift; path = AdvertisementAPIClientProtocol.swift; sourceTree = "<group>"; };
		BB822B162A9CA8F400681C2B /* ImageAPIClient.swift */ = {isa = PBXFileReference; lastKnownFileType = sourcecode.swift; path = ImageAPIClient.swift; sourceTree = "<group>"; };
		BB822B182A9CA90900681C2B /* ImageAPIClientProtocol.swift */ = {isa = PBXFileReference; lastKnownFileType = sourcecode.swift; path = ImageAPIClientProtocol.swift; sourceTree = "<group>"; };
		BB822B1A2A9CAB8B00681C2B /* AdvertisementService.swift */ = {isa = PBXFileReference; lastKnownFileType = sourcecode.swift; path = AdvertisementService.swift; sourceTree = "<group>"; };
		BB822B1F2A9CABE300681C2B /* AdvertisementServiceProtocol.swift */ = {isa = PBXFileReference; lastKnownFileType = sourcecode.swift; path = AdvertisementServiceProtocol.swift; sourceTree = "<group>"; };
		BB822B262A9CAF2500681C2B /*  ImageService.swift */ = {isa = PBXFileReference; lastKnownFileType = sourcecode.swift; path = " ImageService.swift"; sourceTree = "<group>"; };
		BB822B2B2A9CCD5000681C2B /* NetworkServiceTests.swift */ = {isa = PBXFileReference; lastKnownFileType = sourcecode.swift; path = NetworkServiceTests.swift; sourceTree = "<group>"; };
		BB822B2D2A9CD0F100681C2B /* NetworkServiceErrorTests.swift */ = {isa = PBXFileReference; lastKnownFileType = sourcecode.swift; path = NetworkServiceErrorTests.swift; sourceTree = "<group>"; };
		BB822B302A9CD96900681C2B /* AdAPIClientTests.swift */ = {isa = PBXFileReference; lastKnownFileType = sourcecode.swift; path = AdAPIClientTests.swift; sourceTree = "<group>"; };
		BB822B332A9CD9F400681C2B /* MockNetworkService.swift */ = {isa = PBXFileReference; lastKnownFileType = sourcecode.swift; path = MockNetworkService.swift; sourceTree = "<group>"; };
		BB822B372A9CDCFD00681C2B /* AdServiceTests.swift */ = {isa = PBXFileReference; lastKnownFileType = sourcecode.swift; path = AdServiceTests.swift; sourceTree = "<group>"; };
		BB822B392A9CDD5300681C2B /* MockAdvertisementAPIClient.swift */ = {isa = PBXFileReference; lastKnownFileType = sourcecode.swift; path = MockAdvertisementAPIClient.swift; sourceTree = "<group>"; };
		BB822B3B2A9CDF8600681C2B /* MockAdvertisementsResponseJSON.swift */ = {isa = PBXFileReference; lastKnownFileType = sourcecode.swift; path = MockAdvertisementsResponseJSON.swift; sourceTree = "<group>"; };
		BB822B3E2A9CE35C00681C2B /* MockAdvertisementDetailJSON.swift */ = {isa = PBXFileReference; lastKnownFileType = sourcecode.swift; path = MockAdvertisementDetailJSON.swift; sourceTree = "<group>"; };
		BBB81A772A9F3FAD00EB8B51 /* AdvertisementsPresenterProtocol.swift */ = {isa = PBXFileReference; lastKnownFileType = sourcecode.swift; path = AdvertisementsPresenterProtocol.swift; sourceTree = "<group>"; };
		BBB81A7A2A9F3FDA00EB8B51 /* AdvertisementViewProtocol.swift */ = {isa = PBXFileReference; lastKnownFileType = sourcecode.swift; path = AdvertisementViewProtocol.swift; sourceTree = "<group>"; };
		BBB81A7C2A9F407C00EB8B51 /* AdvertisementPresenter.swift */ = {isa = PBXFileReference; lastKnownFileType = sourcecode.swift; path = AdvertisementPresenter.swift; sourceTree = "<group>"; };
		BBB81A862A9F485D00EB8B51 /* AdvertisementDetailViewProtocol.swift */ = {isa = PBXFileReference; lastKnownFileType = sourcecode.swift; path = AdvertisementDetailViewProtocol.swift; sourceTree = "<group>"; };
		BBB81A882A9F489300EB8B51 /* AdvertisementDetailPresenterProtocol.swift */ = {isa = PBXFileReference; lastKnownFileType = sourcecode.swift; path = AdvertisementDetailPresenterProtocol.swift; sourceTree = "<group>"; };
		BBB81A8A2A9F48A000EB8B51 /* AdvertisementDetailPresenter.swift */ = {isa = PBXFileReference; lastKnownFileType = sourcecode.swift; path = AdvertisementDetailPresenter.swift; sourceTree = "<group>"; };
		BBB81A8C2A9F526800EB8B51 /* AdvertisementsErrorViewDelegate.swift */ = {isa = PBXFileReference; lastKnownFileType = sourcecode.swift; path = AdvertisementsErrorViewDelegate.swift; sourceTree = "<group>"; };
		BBB81A932A9F5BE400EB8B51 /* RouterTests.swift */ = {isa = PBXFileReference; lastKnownFileType = sourcecode.swift; path = RouterTests.swift; sourceTree = "<group>"; };
		BBB81A952A9F5CE200EB8B51 /* MockAssemblyBuilder.swift */ = {isa = PBXFileReference; lastKnownFileType = sourcecode.swift; path = MockAssemblyBuilder.swift; sourceTree = "<group>"; };
		BBB81A982A9F626C00EB8B51 /* MockServiceFactory.swift */ = {isa = PBXFileReference; lastKnownFileType = sourcecode.swift; path = MockServiceFactory.swift; sourceTree = "<group>"; };
		BBB81A9A2A9F630D00EB8B51 /* AssemblyBuilderTests.swift */ = {isa = PBXFileReference; lastKnownFileType = sourcecode.swift; path = AssemblyBuilderTests.swift; sourceTree = "<group>"; };
		BBB81A9C2A9F646000EB8B51 /* MockImageService.swift */ = {isa = PBXFileReference; lastKnownFileType = sourcecode.swift; path = MockImageService.swift; sourceTree = "<group>"; };
		BBB81A9E2A9F648500EB8B51 /* MockAdvertisementService.swift */ = {isa = PBXFileReference; lastKnownFileType = sourcecode.swift; path = MockAdvertisementService.swift; sourceTree = "<group>"; };
		BBB81AA02A9F657A00EB8B51 /* MockRouter.swift */ = {isa = PBXFileReference; lastKnownFileType = sourcecode.swift; path = MockRouter.swift; sourceTree = "<group>"; };
		BBB81AA32A9F664300EB8B51 /* ServiceFactoryTests.swift */ = {isa = PBXFileReference; lastKnownFileType = sourcecode.swift; path = ServiceFactoryTests.swift; sourceTree = "<group>"; };
		BBB81AA62A9F67E000EB8B51 /* AdvertisementPresenterTests.swift */ = {isa = PBXFileReference; lastKnownFileType = sourcecode.swift; path = AdvertisementPresenterTests.swift; sourceTree = "<group>"; };
		BBB81AA92A9F684700EB8B51 /* MockAdvertisementView.swift */ = {isa = PBXFileReference; lastKnownFileType = sourcecode.swift; path = MockAdvertisementView.swift; sourceTree = "<group>"; };
		BBB81AAC2A9F6C1400EB8B51 /* AdvertisementDetailPresenterTests.swift */ = {isa = PBXFileReference; lastKnownFileType = sourcecode.swift; path = AdvertisementDetailPresenterTests.swift; sourceTree = "<group>"; };
		BBB81AAE2A9F6C6600EB8B51 /* MockAdvertisementDetailView.swift */ = {isa = PBXFileReference; lastKnownFileType = sourcecode.swift; path = MockAdvertisementDetailView.swift; sourceTree = "<group>"; };
		BBB9E0C52A9BCD01005B5420 /* Avito Tech Assignment.xctestplan */ = {isa = PBXFileReference; lastKnownFileType = text; path = "Avito Tech Assignment.xctestplan"; sourceTree = "<group>"; };
		BBDD69A82A9CFB2100910266 /* AssemblyBuilderProtocol.swift */ = {isa = PBXFileReference; lastKnownFileType = sourcecode.swift; path = AssemblyBuilderProtocol.swift; sourceTree = "<group>"; };
		BBDD69AC2A9CFB6400910266 /* ServiceFactoryProtocol.swift */ = {isa = PBXFileReference; lastKnownFileType = sourcecode.swift; path = ServiceFactoryProtocol.swift; sourceTree = "<group>"; };
		BBDD69AE2A9CFB7B00910266 /* DefaultServiceFactory.swift */ = {isa = PBXFileReference; lastKnownFileType = sourcecode.swift; path = DefaultServiceFactory.swift; sourceTree = "<group>"; };
		BBDD69B32A9CFC2200910266 /* RouterProtocol.swift */ = {isa = PBXFileReference; lastKnownFileType = sourcecode.swift; path = RouterProtocol.swift; sourceTree = "<group>"; };
		BBDD69B62A9D143000910266 /* AdvertisementDetailViewController.swift */ = {isa = PBXFileReference; lastKnownFileType = sourcecode.swift; path = AdvertisementDetailViewController.swift; sourceTree = "<group>"; };
		BBDD69BA2A9D146900910266 /* AdvertisementDetailView.swift */ = {isa = PBXFileReference; lastKnownFileType = sourcecode.swift; path = AdvertisementDetailView.swift; sourceTree = "<group>"; };
		BBDD69BC2A9D1A5300910266 /* AdDetailsView.swift */ = {isa = PBXFileReference; lastKnownFileType = sourcecode.swift; path = AdDetailsView.swift; sourceTree = "<group>"; };
		BBDD69BF2A9D3B6700910266 /* AppIcons.swift */ = {isa = PBXFileReference; lastKnownFileType = sourcecode.swift; path = AppIcons.swift; sourceTree = "<group>"; };
		BBDD69C12A9D3E2F00910266 /* Assets.xcassets */ = {isa = PBXFileReference; lastKnownFileType = folder.assetcatalog; path = Assets.xcassets; sourceTree = "<group>"; };
/* End PBXFileReference section */

/* Begin PBXFrameworksBuildPhase section */
		BB0EFFE82A9AA6D6009BA8B9 /* Frameworks */ = {
			isa = PBXFrameworksBuildPhase;
			buildActionMask = 2147483647;
			files = (
			);
			runOnlyForDeploymentPostprocessing = 0;
		};
		BB1033F82A97791A0077F568 /* Frameworks */ = {
			isa = PBXFrameworksBuildPhase;
			buildActionMask = 2147483647;
			files = (
			);
			runOnlyForDeploymentPostprocessing = 0;
		};
/* End PBXFrameworksBuildPhase section */

/* Begin PBXGroup section */
		BB0EFFEC2A9AA6D6009BA8B9 /* Avito Tech Assignment Tests */ = {
			isa = PBXGroup;
			children = (
				BBB9E0C52A9BCD01005B5420 /* Avito Tech Assignment.xctestplan */,
				BB0EFFF42A9AA6DF009BA8B9 /* Service Layer Tests */,
				BBB81A8F2A9F5ACA00EB8B51 /* Presentation Layer Tests */,
				BBB81A902A9F5AD000EB8B51 /* Core Tests */,
			);
			path = "Avito Tech Assignment Tests";
			sourceTree = "<group>";
		};
		BB0EFFF42A9AA6DF009BA8B9 /* Service Layer Tests */ = {
			isa = PBXGroup;
			children = (
				BB0EFFFB2A9AADFD009BA8B9 /* Mocks */,
				BB822B2A2A9CCD1A00681C2B /* Network Service Tests */,
				BB822B352A9CDCAE00681C2B /* Advertisements Tests */,
				BB63E27B2A9CE62100E3CA37 /* Images Tests */,
			);
			path = "Service Layer Tests";
			sourceTree = "<group>";
		};
		BB0EFFFB2A9AADFD009BA8B9 /* Mocks */ = {
			isa = PBXGroup;
			children = (
				BB822B332A9CD9F400681C2B /* MockNetworkService.swift */,
				BB63E2842A9CF4DB00E3CA37 /* MockImageAPIClient.swift */,
				BB0EFFFC2A9AAE14009BA8B9 /* MockURLSession.swift */,
				BB822B392A9CDD5300681C2B /* MockAdvertisementAPIClient.swift */,
				BBB81A9C2A9F646000EB8B51 /* MockImageService.swift */,
				BBB81A9E2A9F648500EB8B51 /* MockAdvertisementService.swift */,
			);
			path = Mocks;
			sourceTree = "<group>";
		};
		BB1033F22A97791A0077F568 = {
			isa = PBXGroup;
			children = (
				BB1033FD2A97791A0077F568 /* Avito Tech Assignment */,
				BB0EFFEC2A9AA6D6009BA8B9 /* Avito Tech Assignment Tests */,
				BB1033FC2A97791A0077F568 /* Products */,
			);
			sourceTree = "<group>";
		};
		BB1033FC2A97791A0077F568 /* Products */ = {
			isa = PBXGroup;
			children = (
				BB1033FB2A97791A0077F568 /* Avito Tech Assignment.app */,
				BB0EFFEB2A9AA6D6009BA8B9 /* Avito Tech Assignment Tests.xctest */,
			);
			name = Products;
			sourceTree = "<group>";
		};
		BB1033FD2A97791A0077F568 /* Avito Tech Assignment */ = {
			isa = PBXGroup;
			children = (
				BB3898D32A9779F5009555FC /* Resources */,
				BB3898D22A9779D0009555FC /* Application */,
				BBDD69A52A9CFAF700910266 /* Core */,
				BB3898D42A977A19009555FC /* Presentation Layer */,
				BB3898D52A977DE6009555FC /* Service Layer */,
				BB3898DB2A977EE1009555FC /* Shared Models */,
				BB542B092A9A160400B14DEC /* Extensions */,
			);
			path = "Avito Tech Assignment";
			sourceTree = "<group>";
		};
		BB3898D22A9779D0009555FC /* Application */ = {
			isa = PBXGroup;
			children = (
				BB1033FE2A97791A0077F568 /* AppDelegate.swift */,
				BB1034002A97791A0077F568 /* SceneDelegate.swift */,
			);
			path = Application;
			sourceTree = "<group>";
		};
		BB3898D32A9779F5009555FC /* Resources */ = {
			isa = PBXGroup;
			children = (
				BB7B8FE12A9E3C8D007C9417 /* Constants */,
				BB7B8FCF2A9DF761007C9417 /* Data */,
				BBDD69BE2A9D3B5E00910266 /* Icons */,
				BB542B022A9A137C00B14DEC /* Fonts */,
				BB542B012A9A137900B14DEC /* Colors */,
				BBDD69C12A9D3E2F00910266 /* Assets.xcassets */,
				BB1034092A97791A0077F568 /* LaunchScreen.storyboard */,
				BB10340C2A97791A0077F568 /* Info.plist */,
			);
			path = Resources;
			sourceTree = "<group>";
		};
		BB3898D42A977A19009555FC /* Presentation Layer */ = {
			isa = PBXGroup;
			children = (
				BBB81A8E2A9F575500EB8B51 /* Shared Contracts */,
				BB7B8FC72A9DEDD8007C9417 /* UIUtils */,
				BB542B0E2A9A36BE00B14DEC /* Advertisement Flow */,
				BBDD69B52A9D140400910266 /* Advertisement Detail Flow */,
			);
			path = "Presentation Layer";
			sourceTree = "<group>";
		};
		BB3898D52A977DE6009555FC /* Service Layer */ = {
			isa = PBXGroup;
			children = (
				BB822B212A9CAD4E00681C2B /* Image Layer */,
				BB822B0D2A9CA6E600681C2B /* Advertisement Layer */,
				BB3898D82A977E78009555FC /* Network Service */,
			);
			path = "Service Layer";
			sourceTree = "<group>";
		};
		BB3898D82A977E78009555FC /* Network Service */ = {
			isa = PBXGroup;
			children = (
				BB3898DE2A978077009555FC /* HTTP.swift */,
				BB0EFFDF2A9A90E2009BA8B9 /* ApiError.swift */,
				BB3898ED2A97C09E009555FC /* Contracts  */,
				BB3898E22A9783C8009555FC /* NetworkService.swift */,
			);
			path = "Network Service";
			sourceTree = "<group>";
		};
		BB3898DB2A977EE1009555FC /* Shared Models */ = {
			isa = PBXGroup;
			children = (
				BB7B8FD22A9DFDDB007C9417 /* Protocols */,
				BB3898E42A97B63D009555FC /* AdvertisementDetail.swift */,
				BB3898DC2A977F00009555FC /* Advertisement.swift */,
			);
			path = "Shared Models";
			sourceTree = "<group>";
		};
		BB3898EA2A97BFCD009555FC /* Views */ = {
			isa = PBXGroup;
			children = (
				BBB81A792A9F3FC700EB8B51 /* Contracts */,
				BB748C8D2A99E201005CB3B1 /* CollectionView */,
				BBB81A7E2A9F46D100EB8B51 /* Advertisement Views */,
				BB1034022A97791A0077F568 /* AdvertisementsViewController.swift */,
			);
			path = Views;
			sourceTree = "<group>";
		};
		BB3898ED2A97C09E009555FC /* Contracts  */ = {
			isa = PBXGroup;
			children = (
				BB3898EE2A97C1F7009555FC /* NetworkServiceProtocol.swift */,
			);
			path = "Contracts ";
			sourceTree = "<group>";
		};
		BB542B012A9A137900B14DEC /* Colors */ = {
			isa = PBXGroup;
			children = (
				BB542B052A9A141300B14DEC /* AppColors.swift */,
				BB542B072A9A142A00B14DEC /* Colors.xcassets */,
			);
			path = Colors;
			sourceTree = "<group>";
		};
		BB542B022A9A137C00B14DEC /* Fonts */ = {
			isa = PBXGroup;
			children = (
				BB542B032A9A139200B14DEC /* AppFonts.swift */,
			);
			path = Fonts;
			sourceTree = "<group>";
		};
		BB542B092A9A160400B14DEC /* Extensions */ = {
			isa = PBXGroup;
			children = (
				BB0EFFD92A9A79D0009BA8B9 /* HTTPURLResponse + Extensions.swift */,
				BB542B0A2A9A161500B14DEC /* UIView + Extensions.swift */,
				BB7B8FCA2A9DEFF5007C9417 /* UIStackView + Extensions.swift */,
			);
			path = Extensions;
			sourceTree = "<group>";
		};
		BB542B0E2A9A36BE00B14DEC /* Advertisement Flow */ = {
			isa = PBXGroup;
			children = (
				BBB81A742A9F3EFB00EB8B51 /* Presenter */,
				BB3898EA2A97BFCD009555FC /* Views */,
			);
			path = "Advertisement Flow";
			sourceTree = "<group>";
		};
		BB63E27B2A9CE62100E3CA37 /* Images Tests */ = {
			isa = PBXGroup;
			children = (
				BB63E27D2A9CF2BF00E3CA37 /* Images Service Tests */,
				BB63E27C2A9CF2B400E3CA37 /* Images API Client Tests */,
			);
			path = "Images Tests";
			sourceTree = "<group>";
		};
		BB63E27C2A9CF2B400E3CA37 /* Images API Client Tests */ = {
			isa = PBXGroup;
			children = (
				BB63E27E2A9CF2F300E3CA37 /* ImageAPIClientTests.swift */,
			);
			path = "Images API Client Tests";
			sourceTree = "<group>";
		};
		BB63E27D2A9CF2BF00E3CA37 /* Images Service Tests */ = {
			isa = PBXGroup;
			children = (
				BB63E2802A9CF41400E3CA37 /* ImageServiceTests.swift */,
			);
			path = "Images Service Tests";
			sourceTree = "<group>";
		};
		BB63E2822A9CF4AC00E3CA37 /* JSON */ = {
			isa = PBXGroup;
			children = (
				BB822B3B2A9CDF8600681C2B /* MockAdvertisementsResponseJSON.swift */,
				BB822B3E2A9CE35C00681C2B /* MockAdvertisementDetailJSON.swift */,
			);
			path = JSON;
			sourceTree = "<group>";
		};
		BB748C8D2A99E201005CB3B1 /* CollectionView */ = {
			isa = PBXGroup;
			children = (
				BB748C8E2A99E207005CB3B1 /* Cells */,
				BB3898EB2A97BFEF009555FC /* AdvertisementsCollectionView.swift */,
			);
			path = CollectionView;
			sourceTree = "<group>";
		};
		BB748C8E2A99E207005CB3B1 /* Cells */ = {
			isa = PBXGroup;
			children = (
				BB748C912A99E232005CB3B1 /* AdvertisementCollectionViewCell.swift */,
			);
			path = Cells;
			sourceTree = "<group>";
		};
		BB7B8FC72A9DEDD8007C9417 /* UIUtils */ = {
			isa = PBXGroup;
			children = (
				BB7B8FDE2A9E239F007C9417 /* ErrorViewAlertController */,
				BB7B8FD72A9E1F27007C9417 /* LoadingView */,
				BB7B8FC82A9DEE0C007C9417 /* AdImageView.swift */,
				BB7B8FCC2A9DF31C007C9417 /* ImageLabelView.swift */,
			);
			path = UIUtils;
			sourceTree = "<group>";
		};
		BB7B8FCF2A9DF761007C9417 /* Data */ = {
			isa = PBXGroup;
			children = (
				BB7B8FD02A9DF79D007C9417 /* AppData.swift */,
			);
			path = Data;
			sourceTree = "<group>";
		};
		BB7B8FD22A9DFDDB007C9417 /* Protocols */ = {
			isa = PBXGroup;
			children = (
				BB7B8FD32A9DFDF5007C9417 /* Formattable.swift */,
			);
			path = Protocols;
			sourceTree = "<group>";
		};
		BB7B8FD72A9E1F27007C9417 /* LoadingView */ = {
			isa = PBXGroup;
			children = (
				BB7B8FD82A9E1F2B007C9417 /* Contracts */,
				BB7B8FD52A9E1DEE007C9417 /* LoadingView.swift */,
			);
			path = LoadingView;
			sourceTree = "<group>";
		};
		BB7B8FD82A9E1F2B007C9417 /* Contracts */ = {
			isa = PBXGroup;
			children = (
				BB7B8FD92A9E1F36007C9417 /* LoadingViewProtocol.swift */,
			);
			path = Contracts;
			sourceTree = "<group>";
		};
		BB7B8FDE2A9E239F007C9417 /* ErrorViewAlertController */ = {
			isa = PBXGroup;
			children = (
				BB7B8FDF2A9E23AC007C9417 /* ErrorViewAlertController.swift */,
			);
			path = ErrorViewAlertController;
			sourceTree = "<group>";
		};
		BB7B8FE12A9E3C8D007C9417 /* Constants */ = {
			isa = PBXGroup;
			children = (
				BB7B8FE22A9E3C94007C9417 /* AppConstants.swift */,
			);
			path = Constants;
			sourceTree = "<group>";
		};
		BB7B8FE42A9E409F007C9417 /* Response Models */ = {
			isa = PBXGroup;
			children = (
				BB0EFFDC2A9A8FDC009BA8B9 /* ResponseModel.swift */,
			);
			path = "Response Models";
			sourceTree = "<group>";
		};
		BB822B0D2A9CA6E600681C2B /* Advertisement Layer */ = {
			isa = PBXGroup;
			children = (
				BB7B8FE42A9E409F007C9417 /* Response Models */,
				BB3898E02A97809D009555FC /* EndpointAdvertisement.swift */,
				BB822B1C2A9CABB000681C2B /* Ad API Client */,
				BB822B1D2A9CABBD00681C2B /* Ad Service */,
			);
			path = "Advertisement Layer";
			sourceTree = "<group>";
		};
		BB822B0E2A9CA6F600681C2B /* Contracts */ = {
			isa = PBXGroup;
			children = (
				BB822B122A9CA8A000681C2B /* AdvertisementAPIClientProtocol.swift */,
			);
			path = Contracts;
			sourceTree = "<group>";
		};
		BB822B1C2A9CABB000681C2B /* Ad API Client */ = {
			isa = PBXGroup;
			children = (
				BB822B0E2A9CA6F600681C2B /* Contracts */,
				BB822B0F2A9CA70200681C2B /* AdvertisementAPIClient.swift */,
			);
			path = "Ad API Client";
			sourceTree = "<group>";
		};
		BB822B1D2A9CABBD00681C2B /* Ad Service */ = {
			isa = PBXGroup;
			children = (
				BB822B1E2A9CABDB00681C2B /* Contracts */,
				BB822B1A2A9CAB8B00681C2B /* AdvertisementService.swift */,
			);
			path = "Ad Service";
			sourceTree = "<group>";
		};
		BB822B1E2A9CABDB00681C2B /* Contracts */ = {
			isa = PBXGroup;
			children = (
				BB822B1F2A9CABE300681C2B /* AdvertisementServiceProtocol.swift */,
			);
			path = Contracts;
			sourceTree = "<group>";
		};
		BB822B212A9CAD4E00681C2B /* Image Layer */ = {
			isa = PBXGroup;
			children = (
				BB0EFFE12A9A94E0009BA8B9 /* EndpointImage.swift */,
				BB822B232A9CAD5B00681C2B /* Image API Client */,
				BB822B222A9CAD5700681C2B /* Image Service */,
			);
			path = "Image Layer";
			sourceTree = "<group>";
		};
		BB822B222A9CAD5700681C2B /* Image Service */ = {
			isa = PBXGroup;
			children = (
				BB822B252A9CAD6D00681C2B /* Contracts */,
				BB822B262A9CAF2500681C2B /*  ImageService.swift */,
			);
			path = "Image Service";
			sourceTree = "<group>";
		};
		BB822B232A9CAD5B00681C2B /* Image API Client */ = {
			isa = PBXGroup;
			children = (
				BB822B242A9CAD6600681C2B /* Contracts */,
				BB822B162A9CA8F400681C2B /* ImageAPIClient.swift */,
			);
			path = "Image API Client";
			sourceTree = "<group>";
		};
		BB822B242A9CAD6600681C2B /* Contracts */ = {
			isa = PBXGroup;
			children = (
				BB822B182A9CA90900681C2B /* ImageAPIClientProtocol.swift */,
			);
			path = Contracts;
			sourceTree = "<group>";
		};
		BB822B252A9CAD6D00681C2B /* Contracts */ = {
			isa = PBXGroup;
			children = (
				BB144E482A98F1E60064224D /* ImageServiceProtocol.swift */,
			);
			path = Contracts;
			sourceTree = "<group>";
		};
		BB822B2A2A9CCD1A00681C2B /* Network Service Tests */ = {
			isa = PBXGroup;
			children = (
				BB822B2B2A9CCD5000681C2B /* NetworkServiceTests.swift */,
				BB822B2D2A9CD0F100681C2B /* NetworkServiceErrorTests.swift */,
			);
			path = "Network Service Tests";
			sourceTree = "<group>";
		};
		BB822B2F2A9CD93900681C2B /* Ad API Client Tests */ = {
			isa = PBXGroup;
			children = (
				BB822B302A9CD96900681C2B /* AdAPIClientTests.swift */,
			);
			path = "Ad API Client Tests";
			sourceTree = "<group>";
		};
		BB822B352A9CDCAE00681C2B /* Advertisements Tests */ = {
			isa = PBXGroup;
			children = (
				BB822B362A9CDCC600681C2B /* Ad Service Tests */,
				BB822B2F2A9CD93900681C2B /* Ad API Client Tests */,
			);
			path = "Advertisements Tests";
			sourceTree = "<group>";
		};
		BB822B362A9CDCC600681C2B /* Ad Service Tests */ = {
			isa = PBXGroup;
			children = (
				BB822B3D2A9CE33900681C2B /* Mocks */,
				BB822B372A9CDCFD00681C2B /* AdServiceTests.swift */,
			);
			path = "Ad Service Tests";
			sourceTree = "<group>";
		};
		BB822B3D2A9CE33900681C2B /* Mocks */ = {
			isa = PBXGroup;
			children = (
				BB63E2822A9CF4AC00E3CA37 /* JSON */,
			);
			path = Mocks;
			sourceTree = "<group>";
		};
		BBB81A742A9F3EFB00EB8B51 /* Presenter */ = {
			isa = PBXGroup;
			children = (
				BBB81A752A9F3EFF00EB8B51 /* Contracts */,
				BBB81A7C2A9F407C00EB8B51 /* AdvertisementPresenter.swift */,
			);
			path = Presenter;
			sourceTree = "<group>";
		};
		BBB81A752A9F3EFF00EB8B51 /* Contracts */ = {
			isa = PBXGroup;
			children = (
				BBB81A772A9F3FAD00EB8B51 /* AdvertisementsPresenterProtocol.swift */,
			);
			path = Contracts;
			sourceTree = "<group>";
		};
		BBB81A792A9F3FC700EB8B51 /* Contracts */ = {
			isa = PBXGroup;
			children = (
				BBB81A7A2A9F3FDA00EB8B51 /* AdvertisementViewProtocol.swift */,
			);
			path = Contracts;
			sourceTree = "<group>";
		};
		BBB81A7E2A9F46D100EB8B51 /* Advertisement Views */ = {
			isa = PBXGroup;
			children = (
				BB542B0C2A9A354200B14DEC /* AdvertisementView.swift */,
			);
			path = "Advertisement Views";
			sourceTree = "<group>";
		};
		BBB81A812A9F480B00EB8B51 /* AdvertisementDetailViews */ = {
			isa = PBXGroup;
			children = (
				BBDD69BC2A9D1A5300910266 /* AdDetailsView.swift */,
				BBDD69BA2A9D146900910266 /* AdvertisementDetailView.swift */,
			);
			path = AdvertisementDetailViews;
			sourceTree = "<group>";
		};
		BBB81A822A9F481C00EB8B51 /* Presenter */ = {
			isa = PBXGroup;
			children = (
				BBB81A832A9F482600EB8B51 /* Contracts */,
				BBB81A8A2A9F48A000EB8B51 /* AdvertisementDetailPresenter.swift */,
			);
			path = Presenter;
			sourceTree = "<group>";
		};
		BBB81A832A9F482600EB8B51 /* Contracts */ = {
			isa = PBXGroup;
			children = (
				BBB81A882A9F489300EB8B51 /* AdvertisementDetailPresenterProtocol.swift */,
			);
			path = Contracts;
			sourceTree = "<group>";
		};
		BBB81A842A9F482900EB8B51 /* Contracts */ = {
			isa = PBXGroup;
			children = (
				BBB81A862A9F485D00EB8B51 /* AdvertisementDetailViewProtocol.swift */,
			);
			path = Contracts;
			sourceTree = "<group>";
		};
		BBB81A8E2A9F575500EB8B51 /* Shared Contracts */ = {
			isa = PBXGroup;
			children = (
				BBB81A8C2A9F526800EB8B51 /* AdvertisementsErrorViewDelegate.swift */,
			);
			path = "Shared Contracts";
			sourceTree = "<group>";
		};
		BBB81A8F2A9F5ACA00EB8B51 /* Presentation Layer Tests */ = {
			isa = PBXGroup;
			children = (
				BBB81AA82A9F680500EB8B51 /* Mocks */,
				BBB81AA52A9F67BB00EB8B51 /* Advertisement Tests */,
				BBB81AAB2A9F6BF600EB8B51 /* Advertisement Detail Tests */,
			);
			path = "Presentation Layer Tests";
			sourceTree = "<group>";
		};
		BBB81A902A9F5AD000EB8B51 /* Core Tests */ = {
			isa = PBXGroup;
			children = (
				BBB81A922A9F5B5B00EB8B51 /* Mocks */,
				BBB81A972A9F620700EB8B51 /* AssemblyBuilder Tests */,
				BBB81A912A9F5B5200EB8B51 /* Router Tests */,
				BBB81AA22A9F662E00EB8B51 /* ServiceFactory Tests */,
			);
			path = "Core Tests";
			sourceTree = "<group>";
		};
		BBB81A912A9F5B5200EB8B51 /* Router Tests */ = {
			isa = PBXGroup;
			children = (
				BBB81A932A9F5BE400EB8B51 /* RouterTests.swift */,
			);
			path = "Router Tests";
			sourceTree = "<group>";
		};
		BBB81A922A9F5B5B00EB8B51 /* Mocks */ = {
			isa = PBXGroup;
			children = (
				BBB81A952A9F5CE200EB8B51 /* MockAssemblyBuilder.swift */,
				BBB81A982A9F626C00EB8B51 /* MockServiceFactory.swift */,
				BBB81AA02A9F657A00EB8B51 /* MockRouter.swift */,
			);
			path = Mocks;
			sourceTree = "<group>";
		};
		BBB81A972A9F620700EB8B51 /* AssemblyBuilder Tests */ = {
			isa = PBXGroup;
			children = (
				BBB81A9A2A9F630D00EB8B51 /* AssemblyBuilderTests.swift */,
			);
			path = "AssemblyBuilder Tests";
			sourceTree = "<group>";
		};
		BBB81AA22A9F662E00EB8B51 /* ServiceFactory Tests */ = {
			isa = PBXGroup;
			children = (
				BBB81AA32A9F664300EB8B51 /* ServiceFactoryTests.swift */,
			);
			path = "ServiceFactory Tests";
			sourceTree = "<group>";
		};
		BBB81AA52A9F67BB00EB8B51 /* Advertisement Tests */ = {
			isa = PBXGroup;
			children = (
				BBB81AA62A9F67E000EB8B51 /* AdvertisementPresenterTests.swift */,
			);
			path = "Advertisement Tests";
			sourceTree = "<group>";
		};
		BBB81AA82A9F680500EB8B51 /* Mocks */ = {
			isa = PBXGroup;
			children = (
				BBB81AA92A9F684700EB8B51 /* MockAdvertisementView.swift */,
				BBB81AAE2A9F6C6600EB8B51 /* MockAdvertisementDetailView.swift */,
			);
			path = Mocks;
			sourceTree = "<group>";
		};
		BBB81AAB2A9F6BF600EB8B51 /* Advertisement Detail Tests */ = {
			isa = PBXGroup;
			children = (
				BBB81AAC2A9F6C1400EB8B51 /* AdvertisementDetailPresenterTests.swift */,
			);
			path = "Advertisement Detail Tests";
			sourceTree = "<group>";
		};
		BBDD69A52A9CFAF700910266 /* Core */ = {
			isa = PBXGroup;
			children = (
				BBDD69A62A9CFB0900910266 /* Assembly Builder */,
				BBDD69AA2A9CFB4600910266 /* Service Factory */,
				BBDD69B02A9CFC0B00910266 /* Router */,
			);
			path = Core;
			sourceTree = "<group>";
		};
		BBDD69A62A9CFB0900910266 /* Assembly Builder */ = {
			isa = PBXGroup;
			children = (
				BBDD69A72A9CFB1600910266 /* Contracts */,
				BB3898E82A97BAAB009555FC /* AssemblyBuilder.swift */,
			);
			path = "Assembly Builder";
			sourceTree = "<group>";
		};
		BBDD69A72A9CFB1600910266 /* Contracts */ = {
			isa = PBXGroup;
			children = (
				BBDD69A82A9CFB2100910266 /* AssemblyBuilderProtocol.swift */,
			);
			path = Contracts;
			sourceTree = "<group>";
		};
		BBDD69AA2A9CFB4600910266 /* Service Factory */ = {
			isa = PBXGroup;
			children = (
				BBDD69AB2A9CFB5700910266 /* Contracts */,
				BBDD69AE2A9CFB7B00910266 /* DefaultServiceFactory.swift */,
			);
			path = "Service Factory";
			sourceTree = "<group>";
		};
		BBDD69AB2A9CFB5700910266 /* Contracts */ = {
			isa = PBXGroup;
			children = (
				BBDD69AC2A9CFB6400910266 /* ServiceFactoryProtocol.swift */,
			);
			path = Contracts;
			sourceTree = "<group>";
		};
		BBDD69B02A9CFC0B00910266 /* Router */ = {
			isa = PBXGroup;
			children = (
				BBDD69B12A9CFC1300910266 /* Contracts */,
				BB3898E62A97BA7E009555FC /* Router.swift */,
			);
			path = Router;
			sourceTree = "<group>";
		};
		BBDD69B12A9CFC1300910266 /* Contracts */ = {
			isa = PBXGroup;
			children = (
				BBDD69B32A9CFC2200910266 /* RouterProtocol.swift */,
			);
			path = Contracts;
			sourceTree = "<group>";
		};
		BBDD69B52A9D140400910266 /* Advertisement Detail Flow */ = {
			isa = PBXGroup;
			children = (
				BBB81A822A9F481C00EB8B51 /* Presenter */,
				BBDD69B92A9D145200910266 /* Views */,
			);
			path = "Advertisement Detail Flow";
			sourceTree = "<group>";
		};
		BBDD69B92A9D145200910266 /* Views */ = {
			isa = PBXGroup;
			children = (
				BBB81A842A9F482900EB8B51 /* Contracts */,
				BBB81A812A9F480B00EB8B51 /* AdvertisementDetailViews */,
				BBDD69B62A9D143000910266 /* AdvertisementDetailViewController.swift */,
			);
			path = Views;
			sourceTree = "<group>";
		};
		BBDD69BE2A9D3B5E00910266 /* Icons */ = {
			isa = PBXGroup;
			children = (
				BBDD69BF2A9D3B6700910266 /* AppIcons.swift */,
			);
			path = Icons;
			sourceTree = "<group>";
		};
/* End PBXGroup section */

/* Begin PBXNativeTarget section */
		BB0EFFEA2A9AA6D6009BA8B9 /* Avito Tech Assignment Tests */ = {
			isa = PBXNativeTarget;
			buildConfigurationList = BB0EFFF12A9AA6D6009BA8B9 /* Build configuration list for PBXNativeTarget "Avito Tech Assignment Tests" */;
			buildPhases = (
				BB0EFFE72A9AA6D6009BA8B9 /* Sources */,
				BB0EFFE82A9AA6D6009BA8B9 /* Frameworks */,
				BB0EFFE92A9AA6D6009BA8B9 /* Resources */,
			);
			buildRules = (
			);
			dependencies = (
				BB0EFFF02A9AA6D6009BA8B9 /* PBXTargetDependency */,
			);
			name = "Avito Tech Assignment Tests";
			productName = "Avito Tech Assignment Tests";
			productReference = BB0EFFEB2A9AA6D6009BA8B9 /* Avito Tech Assignment Tests.xctest */;
			productType = "com.apple.product-type.bundle.unit-test";
		};
		BB1033FA2A97791A0077F568 /* Avito Tech Assignment */ = {
			isa = PBXNativeTarget;
			buildConfigurationList = BB10340F2A97791A0077F568 /* Build configuration list for PBXNativeTarget "Avito Tech Assignment" */;
			buildPhases = (
				BB1033F72A97791A0077F568 /* Sources */,
				BB1033F82A97791A0077F568 /* Frameworks */,
				BB1033F92A97791A0077F568 /* Resources */,
			);
			buildRules = (
			);
			dependencies = (
			);
			name = "Avito Tech Assignment";
			productName = "Avito Tech Assignment";
			productReference = BB1033FB2A97791A0077F568 /* Avito Tech Assignment.app */;
			productType = "com.apple.product-type.application";
		};
/* End PBXNativeTarget section */

/* Begin PBXProject section */
		BB1033F32A97791A0077F568 /* Project object */ = {
			isa = PBXProject;
			attributes = {
				BuildIndependentTargetsInParallel = 1;
				LastSwiftUpdateCheck = 1430;
				LastUpgradeCheck = 1430;
				TargetAttributes = {
					BB0EFFEA2A9AA6D6009BA8B9 = {
						CreatedOnToolsVersion = 14.3.1;
						TestTargetID = BB1033FA2A97791A0077F568;
					};
					BB1033FA2A97791A0077F568 = {
						CreatedOnToolsVersion = 14.3.1;
					};
				};
			};
			buildConfigurationList = BB1033F62A97791A0077F568 /* Build configuration list for PBXProject "Avito Tech Assignment" */;
			compatibilityVersion = "Xcode 14.0";
			developmentRegion = ru;
			hasScannedForEncodings = 0;
			knownRegions = (
				en,
				Base,
				ru,
			);
			mainGroup = BB1033F22A97791A0077F568;
			productRefGroup = BB1033FC2A97791A0077F568 /* Products */;
			projectDirPath = "";
			projectRoot = "";
			targets = (
				BB1033FA2A97791A0077F568 /* Avito Tech Assignment */,
				BB0EFFEA2A9AA6D6009BA8B9 /* Avito Tech Assignment Tests */,
			);
		};
/* End PBXProject section */

/* Begin PBXResourcesBuildPhase section */
		BB0EFFE92A9AA6D6009BA8B9 /* Resources */ = {
			isa = PBXResourcesBuildPhase;
			buildActionMask = 2147483647;
			files = (
			);
			runOnlyForDeploymentPostprocessing = 0;
		};
		BB1033F92A97791A0077F568 /* Resources */ = {
			isa = PBXResourcesBuildPhase;
			buildActionMask = 2147483647;
			files = (
				BB542B082A9A142A00B14DEC /* Colors.xcassets in Resources */,
				BBDD69C22A9D3E2F00910266 /* Assets.xcassets in Resources */,
				BB10340B2A97791A0077F568 /* LaunchScreen.storyboard in Resources */,
			);
			runOnlyForDeploymentPostprocessing = 0;
		};
/* End PBXResourcesBuildPhase section */

/* Begin PBXSourcesBuildPhase section */
		BB0EFFE72A9AA6D6009BA8B9 /* Sources */ = {
			isa = PBXSourcesBuildPhase;
			buildActionMask = 2147483647;
			files = (
				BB63E2852A9CF4DB00E3CA37 /* MockImageAPIClient.swift in Sources */,
				BBB81A992A9F626C00EB8B51 /* MockServiceFactory.swift in Sources */,
				BB822B342A9CD9F400681C2B /* MockNetworkService.swift in Sources */,
				BB0EFFFD2A9AAE14009BA8B9 /* MockURLSession.swift in Sources */,
				BBB81AAA2A9F684700EB8B51 /* MockAdvertisementView.swift in Sources */,
				BB822B3A2A9CDD5300681C2B /* MockAdvertisementAPIClient.swift in Sources */,
				BBB81AA12A9F657A00EB8B51 /* MockRouter.swift in Sources */,
				BBB81A9F2A9F648500EB8B51 /* MockAdvertisementService.swift in Sources */,
				BB822B3C2A9CDF8600681C2B /* MockAdvertisementsResponseJSON.swift in Sources */,
				BBB81AA42A9F664300EB8B51 /* ServiceFactoryTests.swift in Sources */,
				BB822B2C2A9CCD5100681C2B /* NetworkServiceTests.swift in Sources */,
				BB63E2812A9CF41400E3CA37 /* ImageServiceTests.swift in Sources */,
				BBB81A962A9F5CE200EB8B51 /* MockAssemblyBuilder.swift in Sources */,
				BBB81AAF2A9F6C6600EB8B51 /* MockAdvertisementDetailView.swift in Sources */,
				BB822B2E2A9CD0F100681C2B /* NetworkServiceErrorTests.swift in Sources */,
				BBB81A9D2A9F646000EB8B51 /* MockImageService.swift in Sources */,
				BB822B312A9CD96900681C2B /* AdAPIClientTests.swift in Sources */,
				BB822B382A9CDCFD00681C2B /* AdServiceTests.swift in Sources */,
				BBB81AA72A9F67E000EB8B51 /* AdvertisementPresenterTests.swift in Sources */,
				BBB81AAD2A9F6C1400EB8B51 /* AdvertisementDetailPresenterTests.swift in Sources */,
				BBB81A942A9F5BE400EB8B51 /* RouterTests.swift in Sources */,
				BB63E27F2A9CF2F300E3CA37 /* ImageAPIClientTests.swift in Sources */,
				BB822B3F2A9CE35C00681C2B /* MockAdvertisementDetailJSON.swift in Sources */,
				BBB81A9B2A9F630D00EB8B51 /* AssemblyBuilderTests.swift in Sources */,
			);
			runOnlyForDeploymentPostprocessing = 0;
		};
		BB1033F72A97791A0077F568 /* Sources */ = {
			isa = PBXSourcesBuildPhase;
			buildActionMask = 2147483647;
			files = (
				BBB81A7D2A9F407C00EB8B51 /* AdvertisementPresenter.swift in Sources */,
				BB7B8FD42A9DFDF5007C9417 /* Formattable.swift in Sources */,
				BB748C922A99E232005CB3B1 /* AdvertisementCollectionViewCell.swift in Sources */,
				BB3898E12A97809D009555FC /* EndpointAdvertisement.swift in Sources */,
				BB822B102A9CA70200681C2B /* AdvertisementAPIClient.swift in Sources */,
				BBDD69BD2A9D1A5300910266 /* AdDetailsView.swift in Sources */,
				BB1034032A97791A0077F568 /* AdvertisementsViewController.swift in Sources */,
				BB822B272A9CAF2500681C2B /*  ImageService.swift in Sources */,
				BBB81A8D2A9F526800EB8B51 /* AdvertisementsErrorViewDelegate.swift in Sources */,
				BB542B0D2A9A354200B14DEC /* AdvertisementView.swift in Sources */,
				BB0EFFE22A9A94E0009BA8B9 /* EndpointImage.swift in Sources */,
				BBDD69B42A9CFC2200910266 /* RouterProtocol.swift in Sources */,
				BB7B8FE02A9E23AC007C9417 /* ErrorViewAlertController.swift in Sources */,
				BB0EFFDA2A9A79D0009BA8B9 /* HTTPURLResponse + Extensions.swift in Sources */,
				BBDD69B72A9D143000910266 /* AdvertisementDetailViewController.swift in Sources */,
				BB822B202A9CABE300681C2B /* AdvertisementServiceProtocol.swift in Sources */,
				BBB81A8B2A9F48A000EB8B51 /* AdvertisementDetailPresenter.swift in Sources */,
				BB3898E72A97BA7E009555FC /* Router.swift in Sources */,
				BB822B132A9CA8A000681C2B /* AdvertisementAPIClientProtocol.swift in Sources */,
				BBB81A892A9F489300EB8B51 /* AdvertisementDetailPresenterProtocol.swift in Sources */,
				BB7B8FD12A9DF79D007C9417 /* AppData.swift in Sources */,
				BBDD69AF2A9CFB7B00910266 /* DefaultServiceFactory.swift in Sources */,
				BB542B042A9A139200B14DEC /* AppFonts.swift in Sources */,
				BB144E492A98F1E60064224D /* ImageServiceProtocol.swift in Sources */,
				BBB81A782A9F3FAD00EB8B51 /* AdvertisementsPresenterProtocol.swift in Sources */,
				BB3898E32A9783C8009555FC /* NetworkService.swift in Sources */,
				BB3898E92A97BAAB009555FC /* AssemblyBuilder.swift in Sources */,
				BBB81A7B2A9F3FDA00EB8B51 /* AdvertisementViewProtocol.swift in Sources */,
				BB1033FF2A97791A0077F568 /* AppDelegate.swift in Sources */,
				BB3898DD2A977F00009555FC /* Advertisement.swift in Sources */,
				BB7B8FE32A9E3C94007C9417 /* AppConstants.swift in Sources */,
				BB7B8FDA2A9E1F36007C9417 /* LoadingViewProtocol.swift in Sources */,
				BBDD69C02A9D3B6700910266 /* AppIcons.swift in Sources */,
				BB3898E52A97B63D009555FC /* AdvertisementDetail.swift in Sources */,
				BB822B1B2A9CAB8B00681C2B /* AdvertisementService.swift in Sources */,
				BB7B8FC92A9DEE0C007C9417 /* AdImageView.swift in Sources */,
				BBB81A872A9F485D00EB8B51 /* AdvertisementDetailViewProtocol.swift in Sources */,
				BB822B172A9CA8F400681C2B /* ImageAPIClient.swift in Sources */,
				BBDD69AD2A9CFB6400910266 /* ServiceFactoryProtocol.swift in Sources */,
				BB3898EF2A97C1F7009555FC /* NetworkServiceProtocol.swift in Sources */,
				BB542B062A9A141300B14DEC /* AppColors.swift in Sources */,
				BB3898DF2A978077009555FC /* HTTP.swift in Sources */,
				BB1034012A97791A0077F568 /* SceneDelegate.swift in Sources */,
				BBDD69BB2A9D146900910266 /* AdvertisementDetailView.swift in Sources */,
				BB542B0B2A9A161500B14DEC /* UIView + Extensions.swift in Sources */,
				BB0EFFDD2A9A8FDC009BA8B9 /* ResponseModel.swift in Sources */,
				BB7B8FCB2A9DEFF5007C9417 /* UIStackView + Extensions.swift in Sources */,
				BB822B192A9CA90900681C2B /* ImageAPIClientProtocol.swift in Sources */,
				BB0EFFE02A9A90E2009BA8B9 /* ApiError.swift in Sources */,
				BB7B8FCD2A9DF31C007C9417 /* ImageLabelView.swift in Sources */,
				BB3898EC2A97BFEF009555FC /* AdvertisementsCollectionView.swift in Sources */,
				BBDD69A92A9CFB2100910266 /* AssemblyBuilderProtocol.swift in Sources */,
				BB7B8FD62A9E1DEE007C9417 /* LoadingView.swift in Sources */,
			);
			runOnlyForDeploymentPostprocessing = 0;
		};
/* End PBXSourcesBuildPhase section */

/* Begin PBXTargetDependency section */
		BB0EFFF02A9AA6D6009BA8B9 /* PBXTargetDependency */ = {
			isa = PBXTargetDependency;
			target = BB1033FA2A97791A0077F568 /* Avito Tech Assignment */;
			targetProxy = BB0EFFEF2A9AA6D6009BA8B9 /* PBXContainerItemProxy */;
		};
/* End PBXTargetDependency section */

/* Begin PBXVariantGroup section */
		BB1034092A97791A0077F568 /* LaunchScreen.storyboard */ = {
			isa = PBXVariantGroup;
			children = (
				BB10340A2A97791A0077F568 /* Base */,
				BB0EFFE62A9AA3FA009BA8B9 /* ru */,
			);
			name = LaunchScreen.storyboard;
			sourceTree = "<group>";
		};
/* End PBXVariantGroup section */

/* Begin XCBuildConfiguration section */
		BB0EFFF22A9AA6D6009BA8B9 /* Debug */ = {
			isa = XCBuildConfiguration;
			buildSettings = {
				BUNDLE_LOADER = "$(TEST_HOST)";
				CODE_SIGN_STYLE = Automatic;
				CURRENT_PROJECT_VERSION = 1;
				DEVELOPMENT_TEAM = SF69972TN6;
				GENERATE_INFOPLIST_FILE = YES;
				MARKETING_VERSION = 1.0;
				PRODUCT_BUNDLE_IDENTIFIER = "com.smk.Avito-Tech-Assignment-Tests";
				PRODUCT_NAME = "$(TARGET_NAME)";
				SWIFT_EMIT_LOC_STRINGS = NO;
				SWIFT_VERSION = 5.0;
				TARGETED_DEVICE_FAMILY = "1,2";
				TEST_HOST = "$(BUILT_PRODUCTS_DIR)/Avito Tech Assignment.app/$(BUNDLE_EXECUTABLE_FOLDER_PATH)/Avito Tech Assignment";
			};
			name = Debug;
		};
		BB0EFFF32A9AA6D6009BA8B9 /* Release */ = {
			isa = XCBuildConfiguration;
			buildSettings = {
				BUNDLE_LOADER = "$(TEST_HOST)";
				CODE_SIGN_STYLE = Automatic;
				CURRENT_PROJECT_VERSION = 1;
				DEVELOPMENT_TEAM = SF69972TN6;
				GENERATE_INFOPLIST_FILE = YES;
				MARKETING_VERSION = 1.0;
				PRODUCT_BUNDLE_IDENTIFIER = "com.smk.Avito-Tech-Assignment-Tests";
				PRODUCT_NAME = "$(TARGET_NAME)";
				SWIFT_EMIT_LOC_STRINGS = NO;
				SWIFT_VERSION = 5.0;
				TARGETED_DEVICE_FAMILY = "1,2";
				TEST_HOST = "$(BUILT_PRODUCTS_DIR)/Avito Tech Assignment.app/$(BUNDLE_EXECUTABLE_FOLDER_PATH)/Avito Tech Assignment";
			};
			name = Release;
		};
		BB10340D2A97791A0077F568 /* Debug */ = {
			isa = XCBuildConfiguration;
			buildSettings = {
				ALWAYS_SEARCH_USER_PATHS = NO;
				CLANG_ANALYZER_LOCALIZABILITY_NONLOCALIZED = YES;
				CLANG_ANALYZER_NONNULL = YES;
				CLANG_ANALYZER_NUMBER_OBJECT_CONVERSION = YES_AGGRESSIVE;
				CLANG_CXX_LANGUAGE_STANDARD = "gnu++20";
				CLANG_ENABLE_MODULES = YES;
				CLANG_ENABLE_OBJC_ARC = YES;
				CLANG_ENABLE_OBJC_WEAK = YES;
				CLANG_WARN_BLOCK_CAPTURE_AUTORELEASING = YES;
				CLANG_WARN_BOOL_CONVERSION = YES;
				CLANG_WARN_COMMA = YES;
				CLANG_WARN_CONSTANT_CONVERSION = YES;
				CLANG_WARN_DEPRECATED_OBJC_IMPLEMENTATIONS = YES;
				CLANG_WARN_DIRECT_OBJC_ISA_USAGE = YES_ERROR;
				CLANG_WARN_DOCUMENTATION_COMMENTS = YES;
				CLANG_WARN_EMPTY_BODY = YES;
				CLANG_WARN_ENUM_CONVERSION = YES;
				CLANG_WARN_INFINITE_RECURSION = YES;
				CLANG_WARN_INT_CONVERSION = YES;
				CLANG_WARN_NON_LITERAL_NULL_CONVERSION = YES;
				CLANG_WARN_OBJC_IMPLICIT_RETAIN_SELF = YES;
				CLANG_WARN_OBJC_LITERAL_CONVERSION = YES;
				CLANG_WARN_OBJC_ROOT_CLASS = YES_ERROR;
				CLANG_WARN_QUOTED_INCLUDE_IN_FRAMEWORK_HEADER = YES;
				CLANG_WARN_RANGE_LOOP_ANALYSIS = YES;
				CLANG_WARN_STRICT_PROTOTYPES = YES;
				CLANG_WARN_SUSPICIOUS_MOVE = YES;
				CLANG_WARN_UNGUARDED_AVAILABILITY = YES_AGGRESSIVE;
				CLANG_WARN_UNREACHABLE_CODE = YES;
				CLANG_WARN__DUPLICATE_METHOD_MATCH = YES;
				COPY_PHASE_STRIP = NO;
				DEBUG_INFORMATION_FORMAT = dwarf;
				ENABLE_STRICT_OBJC_MSGSEND = YES;
				ENABLE_TESTABILITY = YES;
				GCC_C_LANGUAGE_STANDARD = gnu11;
				GCC_DYNAMIC_NO_PIC = NO;
				GCC_NO_COMMON_BLOCKS = YES;
				GCC_OPTIMIZATION_LEVEL = 0;
				GCC_PREPROCESSOR_DEFINITIONS = (
					"DEBUG=1",
					"$(inherited)",
				);
				GCC_WARN_64_TO_32_BIT_CONVERSION = YES;
				GCC_WARN_ABOUT_RETURN_TYPE = YES_ERROR;
				GCC_WARN_UNDECLARED_SELECTOR = YES;
				GCC_WARN_UNINITIALIZED_AUTOS = YES_AGGRESSIVE;
				GCC_WARN_UNUSED_FUNCTION = YES;
				GCC_WARN_UNUSED_VARIABLE = YES;
				IPHONEOS_DEPLOYMENT_TARGET = 13.0;
				MTL_ENABLE_DEBUG_INFO = INCLUDE_SOURCE;
				MTL_FAST_MATH = YES;
				ONLY_ACTIVE_ARCH = YES;
				SDKROOT = iphoneos;
				SWIFT_ACTIVE_COMPILATION_CONDITIONS = DEBUG;
				SWIFT_OPTIMIZATION_LEVEL = "-Onone";
			};
			name = Debug;
		};
		BB10340E2A97791A0077F568 /* Release */ = {
			isa = XCBuildConfiguration;
			buildSettings = {
				ALWAYS_SEARCH_USER_PATHS = NO;
				CLANG_ANALYZER_LOCALIZABILITY_NONLOCALIZED = YES;
				CLANG_ANALYZER_NONNULL = YES;
				CLANG_ANALYZER_NUMBER_OBJECT_CONVERSION = YES_AGGRESSIVE;
				CLANG_CXX_LANGUAGE_STANDARD = "gnu++20";
				CLANG_ENABLE_MODULES = YES;
				CLANG_ENABLE_OBJC_ARC = YES;
				CLANG_ENABLE_OBJC_WEAK = YES;
				CLANG_WARN_BLOCK_CAPTURE_AUTORELEASING = YES;
				CLANG_WARN_BOOL_CONVERSION = YES;
				CLANG_WARN_COMMA = YES;
				CLANG_WARN_CONSTANT_CONVERSION = YES;
				CLANG_WARN_DEPRECATED_OBJC_IMPLEMENTATIONS = YES;
				CLANG_WARN_DIRECT_OBJC_ISA_USAGE = YES_ERROR;
				CLANG_WARN_DOCUMENTATION_COMMENTS = YES;
				CLANG_WARN_EMPTY_BODY = YES;
				CLANG_WARN_ENUM_CONVERSION = YES;
				CLANG_WARN_INFINITE_RECURSION = YES;
				CLANG_WARN_INT_CONVERSION = YES;
				CLANG_WARN_NON_LITERAL_NULL_CONVERSION = YES;
				CLANG_WARN_OBJC_IMPLICIT_RETAIN_SELF = YES;
				CLANG_WARN_OBJC_LITERAL_CONVERSION = YES;
				CLANG_WARN_OBJC_ROOT_CLASS = YES_ERROR;
				CLANG_WARN_QUOTED_INCLUDE_IN_FRAMEWORK_HEADER = YES;
				CLANG_WARN_RANGE_LOOP_ANALYSIS = YES;
				CLANG_WARN_STRICT_PROTOTYPES = YES;
				CLANG_WARN_SUSPICIOUS_MOVE = YES;
				CLANG_WARN_UNGUARDED_AVAILABILITY = YES_AGGRESSIVE;
				CLANG_WARN_UNREACHABLE_CODE = YES;
				CLANG_WARN__DUPLICATE_METHOD_MATCH = YES;
				COPY_PHASE_STRIP = NO;
				DEBUG_INFORMATION_FORMAT = "dwarf-with-dsym";
				ENABLE_NS_ASSERTIONS = NO;
				ENABLE_STRICT_OBJC_MSGSEND = YES;
				GCC_C_LANGUAGE_STANDARD = gnu11;
				GCC_NO_COMMON_BLOCKS = YES;
				GCC_WARN_64_TO_32_BIT_CONVERSION = YES;
				GCC_WARN_ABOUT_RETURN_TYPE = YES_ERROR;
				GCC_WARN_UNDECLARED_SELECTOR = YES;
				GCC_WARN_UNINITIALIZED_AUTOS = YES_AGGRESSIVE;
				GCC_WARN_UNUSED_FUNCTION = YES;
				GCC_WARN_UNUSED_VARIABLE = YES;
				IPHONEOS_DEPLOYMENT_TARGET = 13.0;
				MTL_ENABLE_DEBUG_INFO = NO;
				MTL_FAST_MATH = YES;
				SDKROOT = iphoneos;
				SWIFT_COMPILATION_MODE = wholemodule;
				SWIFT_OPTIMIZATION_LEVEL = "-O";
				VALIDATE_PRODUCT = YES;
			};
			name = Release;
		};
		BB1034102A97791A0077F568 /* Debug */ = {
			isa = XCBuildConfiguration;
			buildSettings = {
				ASSETCATALOG_COMPILER_APPICON_NAME = AppIcon;
				ASSETCATALOG_COMPILER_GLOBAL_ACCENT_COLOR_NAME = AccentColor;
				CODE_SIGN_STYLE = Automatic;
				CURRENT_PROJECT_VERSION = 1;
				DEVELOPMENT_TEAM = SF69972TN6;
				GENERATE_INFOPLIST_FILE = YES;
				INFOPLIST_FILE = "Avito Tech Assignment/Resources/Info.plist";
				INFOPLIST_KEY_UIApplicationSupportsIndirectInputEvents = YES;
				INFOPLIST_KEY_UILaunchStoryboardName = LaunchScreen;
				INFOPLIST_KEY_UISupportedInterfaceOrientations = UIInterfaceOrientationPortrait;
				LD_RUNPATH_SEARCH_PATHS = (
					"$(inherited)",
					"@executable_path/Frameworks",
				);
				MARKETING_VERSION = 1.0;
				PRODUCT_BUNDLE_IDENTIFIER = "com.smk.Avito-Tech-Assignment";
				PRODUCT_NAME = "$(TARGET_NAME)";
				SUPPORTED_PLATFORMS = "iphoneos iphonesimulator";
				SUPPORTS_MACCATALYST = NO;
				SUPPORTS_MAC_DESIGNED_FOR_IPHONE_IPAD = NO;
				SWIFT_EMIT_LOC_STRINGS = YES;
				SWIFT_VERSION = 5.0;
				TARGETED_DEVICE_FAMILY = 1;
			};
			name = Debug;
		};
		BB1034112A97791A0077F568 /* Release */ = {
			isa = XCBuildConfiguration;
			buildSettings = {
				ASSETCATALOG_COMPILER_APPICON_NAME = AppIcon;
				ASSETCATALOG_COMPILER_GLOBAL_ACCENT_COLOR_NAME = AccentColor;
				CODE_SIGN_STYLE = Automatic;
				CURRENT_PROJECT_VERSION = 1;
				DEVELOPMENT_TEAM = SF69972TN6;
				GENERATE_INFOPLIST_FILE = YES;
				INFOPLIST_FILE = "Avito Tech Assignment/Resources/Info.plist";
				INFOPLIST_KEY_UIApplicationSupportsIndirectInputEvents = YES;
				INFOPLIST_KEY_UILaunchStoryboardName = LaunchScreen;
				INFOPLIST_KEY_UISupportedInterfaceOrientations = UIInterfaceOrientationPortrait;
				LD_RUNPATH_SEARCH_PATHS = (
					"$(inherited)",
					"@executable_path/Frameworks",
				);
				MARKETING_VERSION = 1.0;
				PRODUCT_BUNDLE_IDENTIFIER = "com.smk.Avito-Tech-Assignment";
				PRODUCT_NAME = "$(TARGET_NAME)";
				SUPPORTED_PLATFORMS = "iphoneos iphonesimulator";
				SUPPORTS_MACCATALYST = NO;
				SUPPORTS_MAC_DESIGNED_FOR_IPHONE_IPAD = NO;
				SWIFT_EMIT_LOC_STRINGS = YES;
				SWIFT_VERSION = 5.0;
				TARGETED_DEVICE_FAMILY = 1;
			};
			name = Release;
		};
/* End XCBuildConfiguration section */

/* Begin XCConfigurationList section */
		BB0EFFF12A9AA6D6009BA8B9 /* Build configuration list for PBXNativeTarget "Avito Tech Assignment Tests" */ = {
			isa = XCConfigurationList;
			buildConfigurations = (
				BB0EFFF22A9AA6D6009BA8B9 /* Debug */,
				BB0EFFF32A9AA6D6009BA8B9 /* Release */,
			);
			defaultConfigurationIsVisible = 0;
			defaultConfigurationName = Release;
		};
		BB1033F62A97791A0077F568 /* Build configuration list for PBXProject "Avito Tech Assignment" */ = {
			isa = XCConfigurationList;
			buildConfigurations = (
				BB10340D2A97791A0077F568 /* Debug */,
				BB10340E2A97791A0077F568 /* Release */,
			);
			defaultConfigurationIsVisible = 0;
			defaultConfigurationName = Release;
		};
		BB10340F2A97791A0077F568 /* Build configuration list for PBXNativeTarget "Avito Tech Assignment" */ = {
			isa = XCConfigurationList;
			buildConfigurations = (
				BB1034102A97791A0077F568 /* Debug */,
				BB1034112A97791A0077F568 /* Release */,
			);
			defaultConfigurationIsVisible = 0;
			defaultConfigurationName = Release;
		};
/* End XCConfigurationList section */
	};
	rootObject = BB1033F32A97791A0077F568 /* Project object */;
}
